
Microsoft Visual Studio Solution File, Format Version 12.00
# Visual Studio 15
VisualStudioVersion = 15.0.26114.2
MinimumVisualStudioVersion = 10.0.40219.1
Project("{FAE04EC0-301F-11D3-BF4B-00C04F79EFBC}") = "BadSystem", "BadSystem\BadSystem.csproj", "{A1988311-A748-4250-83D3-A825580979E4}"
EndProject
Project("{FAE04EC0-301F-11D3-BF4B-00C04F79EFBC}") = "StoryTeller.Testing", "StoryTeller.Testing\StoryTeller.Testing.csproj", "{65E7B70D-B037-4369-A40E-D245D1B8BD1D}"
EndProject
Project("{FAE04EC0-301F-11D3-BF4B-00C04F79EFBC}") = "IntegrationTests", "IntegrationTests\IntegrationTests.csproj", "{3AE55DC4-51F8-4664-99A5-F2738C629049}"
EndProject
Project("{FAE04EC0-301F-11D3-BF4B-00C04F79EFBC}") = "dotnet-stdocs", "dotnet-stdocs\dotnet-stdocs.csproj", "{BD0F7533-1954-4713-8CA2-DD296DFF88EF}"
EndProject
Project("{FAE04EC0-301F-11D3-BF4B-00C04F79EFBC}") = "Storyteller.AspNetCore.Samples", "Storyteller.AspNetCore.Samples\Storyteller.AspNetCore.Samples.csproj", "{DD3ED6AB-1CBD-45AB-AB2C-162904B9B467}"
EndProject
Project("{FAE04EC0-301F-11D3-BF4B-00C04F79EFBC}") = "StoryTeller.Samples", "StoryTeller.Samples\StoryTeller.Samples.csproj", "{5F3DEA50-1033-4E61-8DB0-EE2E67001BB7}"
EndProject
Project("{FAE04EC0-301F-11D3-BF4B-00C04F79EFBC}") = "Testbed", "Testbed\Testbed.csproj", "{3A2C8C86-B8E3-4F95-8B00-1C288470BFEA}"
EndProject
Project("{FAE04EC0-301F-11D3-BF4B-00C04F79EFBC}") = "InvalidExamples", "InvalidExamples\InvalidExamples.csproj", "{7714083A-F53D-4336-999E-6E28D7EF4C4D}"
EndProject
Project("{FAE04EC0-301F-11D3-BF4B-00C04F79EFBC}") = "Storyteller.RDBMS", "Storyteller.RDBMS\Storyteller.RDBMS.csproj", "{EF6ACEC3-633E-4DC9-A9DD-68CBA4941CAD}"
EndProject
Project("{FAE04EC0-301F-11D3-BF4B-00C04F79EFBC}") = "StorytellerRunner", "StorytellerRunner\StorytellerRunner.csproj", "{DF4B038D-5406-4737-9C3A-FB551CAE8A68}"
EndProject
Project("{FAE04EC0-301F-11D3-BF4B-00C04F79EFBC}") = "WebApp", "WebApp\WebApp.csproj", "{BC436E55-6575-4F2A-B05E-B0ED2038ADA2}"
EndProject
Project("{FAE04EC0-301F-11D3-BF4B-00C04F79EFBC}") = "BlowsUp", "BlowsUp\BlowsUp.csproj", "{7983A280-785C-4948-97CA-9B11157A6467}"
EndProject
Project("{FAE04EC0-301F-11D3-BF4B-00C04F79EFBC}") = "Samples", "Samples\Samples.csproj", "{522D382B-75D2-4323-A0FA-C99AF2CCD644}"
EndProject
Project("{FAE04EC0-301F-11D3-BF4B-00C04F79EFBC}") = "StorytellerDocGen.Testing", "StorytellerDocGen.Testing\StorytellerDocGen.Testing.csproj", "{BF52A9C7-F5CD-42BD-B574-5BDB4C1EC120}"
EndProject
Project("{FAE04EC0-301F-11D3-BF4B-00C04F79EFBC}") = "dotnet-storyteller", "dotnet-storyteller\dotnet-storyteller.csproj", "{FCF88F8B-D522-443D-85FB-8C6B32B16427}"
EndProject
Project("{FAE04EC0-301F-11D3-BF4B-00C04F79EFBC}") = "MultipleSystems", "MultipleSystems\MultipleSystems.csproj", "{1E414976-B459-4C9C-A322-BF9F5114D906}"
EndProject
Project("{FAE04EC0-301F-11D3-BF4B-00C04F79EFBC}") = "StoryTeller.Gallery", "StoryTeller.Gallery\StoryTeller.Gallery.csproj", "{99D7676A-AAC2-4B0C-8FCC-495B69920AC9}"
EndProject
Project("{FAE04EC0-301F-11D3-BF4B-00C04F79EFBC}") = "Storyteller.AspNetCore", "Storyteller.AspNetCore\Storyteller.AspNetCore.csproj", "{1D0017E8-7F44-4651-80E7-2237D588E504}"
EndProject
Project("{FAE04EC0-301F-11D3-BF4B-00C04F79EFBC}") = "StoryTeller", "StoryTeller\StoryTeller.csproj", "{C5436A84-10D4-4DA6-9EAF-213C31344983}"
EndProject
Project("{FAE04EC0-301F-11D3-BF4B-00C04F79EFBC}") = "Specifications", "Specifications\Specifications.csproj", "{FA7C15CE-46F6-4183-BC3A-B63E5A021215}"
EndProject
Project("{FAE04EC0-301F-11D3-BF4B-00C04F79EFBC}") = "DatabaseSamples", "DatabaseSamples\DatabaseSamples.csproj", "{D9781257-EB9C-499B-BC12-ED4ACFEA99E3}"
EndProject
Global
	GlobalSection(SolutionConfigurationPlatforms) = preSolution
		Debug|Any CPU = Debug|Any CPU
		Debug|x64 = Debug|x64
		Debug|x86 = Debug|x86
		Release|Any CPU = Release|Any CPU
		Release|x64 = Release|x64
		Release|x86 = Release|x86
	EndGlobalSection
	GlobalSection(ProjectConfigurationPlatforms) = postSolution
		{A1988311-A748-4250-83D3-A825580979E4}.Debug|Any CPU.ActiveCfg = Debug|Any CPU
		{A1988311-A748-4250-83D3-A825580979E4}.Debug|Any CPU.Build.0 = Debug|Any CPU
		{A1988311-A748-4250-83D3-A825580979E4}.Debug|x64.ActiveCfg = Debug|x64
		{A1988311-A748-4250-83D3-A825580979E4}.Debug|x64.Build.0 = Debug|x64
		{A1988311-A748-4250-83D3-A825580979E4}.Debug|x86.ActiveCfg = Debug|x86
		{A1988311-A748-4250-83D3-A825580979E4}.Debug|x86.Build.0 = Debug|x86
		{A1988311-A748-4250-83D3-A825580979E4}.Release|Any CPU.ActiveCfg = Release|Any CPU
		{A1988311-A748-4250-83D3-A825580979E4}.Release|Any CPU.Build.0 = Release|Any CPU
		{A1988311-A748-4250-83D3-A825580979E4}.Release|x64.ActiveCfg = Release|x64
		{A1988311-A748-4250-83D3-A825580979E4}.Release|x64.Build.0 = Release|x64
		{A1988311-A748-4250-83D3-A825580979E4}.Release|x86.ActiveCfg = Release|x86
		{A1988311-A748-4250-83D3-A825580979E4}.Release|x86.Build.0 = Release|x86
		{65E7B70D-B037-4369-A40E-D245D1B8BD1D}.Debug|Any CPU.ActiveCfg = Debug|Any CPU
		{65E7B70D-B037-4369-A40E-D245D1B8BD1D}.Debug|Any CPU.Build.0 = Debug|Any CPU
		{65E7B70D-B037-4369-A40E-D245D1B8BD1D}.Debug|x64.ActiveCfg = Debug|x64
		{65E7B70D-B037-4369-A40E-D245D1B8BD1D}.Debug|x64.Build.0 = Debug|x64
		{65E7B70D-B037-4369-A40E-D245D1B8BD1D}.Debug|x86.ActiveCfg = Debug|x86
		{65E7B70D-B037-4369-A40E-D245D1B8BD1D}.Debug|x86.Build.0 = Debug|x86
		{65E7B70D-B037-4369-A40E-D245D1B8BD1D}.Release|Any CPU.ActiveCfg = Release|Any CPU
		{65E7B70D-B037-4369-A40E-D245D1B8BD1D}.Release|Any CPU.Build.0 = Release|Any CPU
		{65E7B70D-B037-4369-A40E-D245D1B8BD1D}.Release|x64.ActiveCfg = Release|x64
		{65E7B70D-B037-4369-A40E-D245D1B8BD1D}.Release|x64.Build.0 = Release|x64
		{65E7B70D-B037-4369-A40E-D245D1B8BD1D}.Release|x86.ActiveCfg = Release|x86
		{65E7B70D-B037-4369-A40E-D245D1B8BD1D}.Release|x86.Build.0 = Release|x86
		{3AE55DC4-51F8-4664-99A5-F2738C629049}.Debug|Any CPU.ActiveCfg = Debug|Any CPU
		{3AE55DC4-51F8-4664-99A5-F2738C629049}.Debug|Any CPU.Build.0 = Debug|Any CPU
		{3AE55DC4-51F8-4664-99A5-F2738C629049}.Debug|x64.ActiveCfg = Debug|x64
		{3AE55DC4-51F8-4664-99A5-F2738C629049}.Debug|x64.Build.0 = Debug|x64
		{3AE55DC4-51F8-4664-99A5-F2738C629049}.Debug|x86.ActiveCfg = Debug|x86
		{3AE55DC4-51F8-4664-99A5-F2738C629049}.Debug|x86.Build.0 = Debug|x86
		{3AE55DC4-51F8-4664-99A5-F2738C629049}.Release|Any CPU.ActiveCfg = Release|Any CPU
		{3AE55DC4-51F8-4664-99A5-F2738C629049}.Release|Any CPU.Build.0 = Release|Any CPU
		{3AE55DC4-51F8-4664-99A5-F2738C629049}.Release|x64.ActiveCfg = Release|x64
		{3AE55DC4-51F8-4664-99A5-F2738C629049}.Release|x64.Build.0 = Release|x64
		{3AE55DC4-51F8-4664-99A5-F2738C629049}.Release|x86.ActiveCfg = Release|x86
		{3AE55DC4-51F8-4664-99A5-F2738C629049}.Release|x86.Build.0 = Release|x86
		{BD0F7533-1954-4713-8CA2-DD296DFF88EF}.Debug|Any CPU.ActiveCfg = Debug|Any CPU
		{BD0F7533-1954-4713-8CA2-DD296DFF88EF}.Debug|Any CPU.Build.0 = Debug|Any CPU
		{BD0F7533-1954-4713-8CA2-DD296DFF88EF}.Debug|x64.ActiveCfg = Debug|x64
		{BD0F7533-1954-4713-8CA2-DD296DFF88EF}.Debug|x64.Build.0 = Debug|x64
		{BD0F7533-1954-4713-8CA2-DD296DFF88EF}.Debug|x86.ActiveCfg = Debug|x86
		{BD0F7533-1954-4713-8CA2-DD296DFF88EF}.Debug|x86.Build.0 = Debug|x86
		{BD0F7533-1954-4713-8CA2-DD296DFF88EF}.Release|Any CPU.ActiveCfg = Release|Any CPU
		{BD0F7533-1954-4713-8CA2-DD296DFF88EF}.Release|Any CPU.Build.0 = Release|Any CPU
		{BD0F7533-1954-4713-8CA2-DD296DFF88EF}.Release|x64.ActiveCfg = Release|x64
		{BD0F7533-1954-4713-8CA2-DD296DFF88EF}.Release|x64.Build.0 = Release|x64
		{BD0F7533-1954-4713-8CA2-DD296DFF88EF}.Release|x86.ActiveCfg = Release|x86
		{BD0F7533-1954-4713-8CA2-DD296DFF88EF}.Release|x86.Build.0 = Release|x86
		{DD3ED6AB-1CBD-45AB-AB2C-162904B9B467}.Debug|Any CPU.ActiveCfg = Debug|Any CPU
		{DD3ED6AB-1CBD-45AB-AB2C-162904B9B467}.Debug|Any CPU.Build.0 = Debug|Any CPU
		{DD3ED6AB-1CBD-45AB-AB2C-162904B9B467}.Debug|x64.ActiveCfg = Debug|x64
		{DD3ED6AB-1CBD-45AB-AB2C-162904B9B467}.Debug|x64.Build.0 = Debug|x64
		{DD3ED6AB-1CBD-45AB-AB2C-162904B9B467}.Debug|x86.ActiveCfg = Debug|x86
		{DD3ED6AB-1CBD-45AB-AB2C-162904B9B467}.Debug|x86.Build.0 = Debug|x86
		{DD3ED6AB-1CBD-45AB-AB2C-162904B9B467}.Release|Any CPU.ActiveCfg = Release|Any CPU
		{DD3ED6AB-1CBD-45AB-AB2C-162904B9B467}.Release|Any CPU.Build.0 = Release|Any CPU
		{DD3ED6AB-1CBD-45AB-AB2C-162904B9B467}.Release|x64.ActiveCfg = Release|x64
		{DD3ED6AB-1CBD-45AB-AB2C-162904B9B467}.Release|x64.Build.0 = Release|x64
		{DD3ED6AB-1CBD-45AB-AB2C-162904B9B467}.Release|x86.ActiveCfg = Release|x86
		{DD3ED6AB-1CBD-45AB-AB2C-162904B9B467}.Release|x86.Build.0 = Release|x86
		{5F3DEA50-1033-4E61-8DB0-EE2E67001BB7}.Debug|Any CPU.ActiveCfg = Debug|Any CPU
		{5F3DEA50-1033-4E61-8DB0-EE2E67001BB7}.Debug|Any CPU.Build.0 = Debug|Any CPU
		{5F3DEA50-1033-4E61-8DB0-EE2E67001BB7}.Debug|x64.ActiveCfg = Debug|x64
		{5F3DEA50-1033-4E61-8DB0-EE2E67001BB7}.Debug|x64.Build.0 = Debug|x64
		{5F3DEA50-1033-4E61-8DB0-EE2E67001BB7}.Debug|x86.ActiveCfg = Debug|x86
		{5F3DEA50-1033-4E61-8DB0-EE2E67001BB7}.Debug|x86.Build.0 = Debug|x86
		{5F3DEA50-1033-4E61-8DB0-EE2E67001BB7}.Release|Any CPU.ActiveCfg = Release|Any CPU
		{5F3DEA50-1033-4E61-8DB0-EE2E67001BB7}.Release|Any CPU.Build.0 = Release|Any CPU
		{5F3DEA50-1033-4E61-8DB0-EE2E67001BB7}.Release|x64.ActiveCfg = Release|x64
		{5F3DEA50-1033-4E61-8DB0-EE2E67001BB7}.Release|x64.Build.0 = Release|x64
		{5F3DEA50-1033-4E61-8DB0-EE2E67001BB7}.Release|x86.ActiveCfg = Release|x86
		{5F3DEA50-1033-4E61-8DB0-EE2E67001BB7}.Release|x86.Build.0 = Release|x86
		{3A2C8C86-B8E3-4F95-8B00-1C288470BFEA}.Debug|Any CPU.ActiveCfg = Debug|Any CPU
		{3A2C8C86-B8E3-4F95-8B00-1C288470BFEA}.Debug|Any CPU.Build.0 = Debug|Any CPU
		{3A2C8C86-B8E3-4F95-8B00-1C288470BFEA}.Debug|x64.ActiveCfg = Debug|x64
		{3A2C8C86-B8E3-4F95-8B00-1C288470BFEA}.Debug|x64.Build.0 = Debug|x64
		{3A2C8C86-B8E3-4F95-8B00-1C288470BFEA}.Debug|x86.ActiveCfg = Debug|x86
		{3A2C8C86-B8E3-4F95-8B00-1C288470BFEA}.Debug|x86.Build.0 = Debug|x86
		{3A2C8C86-B8E3-4F95-8B00-1C288470BFEA}.Release|Any CPU.ActiveCfg = Release|Any CPU
		{3A2C8C86-B8E3-4F95-8B00-1C288470BFEA}.Release|Any CPU.Build.0 = Release|Any CPU
		{3A2C8C86-B8E3-4F95-8B00-1C288470BFEA}.Release|x64.ActiveCfg = Release|x64
		{3A2C8C86-B8E3-4F95-8B00-1C288470BFEA}.Release|x64.Build.0 = Release|x64
		{3A2C8C86-B8E3-4F95-8B00-1C288470BFEA}.Release|x86.ActiveCfg = Release|x86
		{3A2C8C86-B8E3-4F95-8B00-1C288470BFEA}.Release|x86.Build.0 = Release|x86
		{7714083A-F53D-4336-999E-6E28D7EF4C4D}.Debug|Any CPU.ActiveCfg = Debug|Any CPU
		{7714083A-F53D-4336-999E-6E28D7EF4C4D}.Debug|Any CPU.Build.0 = Debug|Any CPU
		{7714083A-F53D-4336-999E-6E28D7EF4C4D}.Debug|x64.ActiveCfg = Debug|x64
		{7714083A-F53D-4336-999E-6E28D7EF4C4D}.Debug|x64.Build.0 = Debug|x64
		{7714083A-F53D-4336-999E-6E28D7EF4C4D}.Debug|x86.ActiveCfg = Debug|x86
		{7714083A-F53D-4336-999E-6E28D7EF4C4D}.Debug|x86.Build.0 = Debug|x86
		{7714083A-F53D-4336-999E-6E28D7EF4C4D}.Release|Any CPU.ActiveCfg = Release|Any CPU
		{7714083A-F53D-4336-999E-6E28D7EF4C4D}.Release|Any CPU.Build.0 = Release|Any CPU
		{7714083A-F53D-4336-999E-6E28D7EF4C4D}.Release|x64.ActiveCfg = Release|x64
		{7714083A-F53D-4336-999E-6E28D7EF4C4D}.Release|x64.Build.0 = Release|x64
		{7714083A-F53D-4336-999E-6E28D7EF4C4D}.Release|x86.ActiveCfg = Release|x86
		{7714083A-F53D-4336-999E-6E28D7EF4C4D}.Release|x86.Build.0 = Release|x86
		{EF6ACEC3-633E-4DC9-A9DD-68CBA4941CAD}.Debug|Any CPU.ActiveCfg = Debug|Any CPU
		{EF6ACEC3-633E-4DC9-A9DD-68CBA4941CAD}.Debug|Any CPU.Build.0 = Debug|Any CPU
		{EF6ACEC3-633E-4DC9-A9DD-68CBA4941CAD}.Debug|x64.ActiveCfg = Debug|x64
		{EF6ACEC3-633E-4DC9-A9DD-68CBA4941CAD}.Debug|x64.Build.0 = Debug|x64
		{EF6ACEC3-633E-4DC9-A9DD-68CBA4941CAD}.Debug|x86.ActiveCfg = Debug|x86
		{EF6ACEC3-633E-4DC9-A9DD-68CBA4941CAD}.Debug|x86.Build.0 = Debug|x86
		{EF6ACEC3-633E-4DC9-A9DD-68CBA4941CAD}.Release|Any CPU.ActiveCfg = Release|Any CPU
		{EF6ACEC3-633E-4DC9-A9DD-68CBA4941CAD}.Release|Any CPU.Build.0 = Release|Any CPU
		{EF6ACEC3-633E-4DC9-A9DD-68CBA4941CAD}.Release|x64.ActiveCfg = Release|x64
		{EF6ACEC3-633E-4DC9-A9DD-68CBA4941CAD}.Release|x64.Build.0 = Release|x64
		{EF6ACEC3-633E-4DC9-A9DD-68CBA4941CAD}.Release|x86.ActiveCfg = Release|x86
		{EF6ACEC3-633E-4DC9-A9DD-68CBA4941CAD}.Release|x86.Build.0 = Release|x86
		{DF4B038D-5406-4737-9C3A-FB551CAE8A68}.Debug|Any CPU.ActiveCfg = Debug|Any CPU
		{DF4B038D-5406-4737-9C3A-FB551CAE8A68}.Debug|Any CPU.Build.0 = Debug|Any CPU
		{DF4B038D-5406-4737-9C3A-FB551CAE8A68}.Debug|x64.ActiveCfg = Debug|x64
		{DF4B038D-5406-4737-9C3A-FB551CAE8A68}.Debug|x64.Build.0 = Debug|x64
		{DF4B038D-5406-4737-9C3A-FB551CAE8A68}.Debug|x86.ActiveCfg = Debug|x86
		{DF4B038D-5406-4737-9C3A-FB551CAE8A68}.Debug|x86.Build.0 = Debug|x86
		{DF4B038D-5406-4737-9C3A-FB551CAE8A68}.Release|Any CPU.ActiveCfg = Release|Any CPU
		{DF4B038D-5406-4737-9C3A-FB551CAE8A68}.Release|Any CPU.Build.0 = Release|Any CPU
		{DF4B038D-5406-4737-9C3A-FB551CAE8A68}.Release|x64.ActiveCfg = Release|x64
		{DF4B038D-5406-4737-9C3A-FB551CAE8A68}.Release|x64.Build.0 = Release|x64
		{DF4B038D-5406-4737-9C3A-FB551CAE8A68}.Release|x86.ActiveCfg = Release|x86
		{DF4B038D-5406-4737-9C3A-FB551CAE8A68}.Release|x86.Build.0 = Release|x86
		{BC436E55-6575-4F2A-B05E-B0ED2038ADA2}.Debug|Any CPU.ActiveCfg = Debug|Any CPU
		{BC436E55-6575-4F2A-B05E-B0ED2038ADA2}.Debug|Any CPU.Build.0 = Debug|Any CPU
		{BC436E55-6575-4F2A-B05E-B0ED2038ADA2}.Debug|x64.ActiveCfg = Debug|x64
		{BC436E55-6575-4F2A-B05E-B0ED2038ADA2}.Debug|x64.Build.0 = Debug|x64
		{BC436E55-6575-4F2A-B05E-B0ED2038ADA2}.Debug|x86.ActiveCfg = Debug|x86
		{BC436E55-6575-4F2A-B05E-B0ED2038ADA2}.Debug|x86.Build.0 = Debug|x86
		{BC436E55-6575-4F2A-B05E-B0ED2038ADA2}.Release|Any CPU.ActiveCfg = Release|Any CPU
		{BC436E55-6575-4F2A-B05E-B0ED2038ADA2}.Release|Any CPU.Build.0 = Release|Any CPU
		{BC436E55-6575-4F2A-B05E-B0ED2038ADA2}.Release|x64.ActiveCfg = Release|x64
		{BC436E55-6575-4F2A-B05E-B0ED2038ADA2}.Release|x64.Build.0 = Release|x64
		{BC436E55-6575-4F2A-B05E-B0ED2038ADA2}.Release|x86.ActiveCfg = Release|x86
		{BC436E55-6575-4F2A-B05E-B0ED2038ADA2}.Release|x86.Build.0 = Release|x86
		{7983A280-785C-4948-97CA-9B11157A6467}.Debug|Any CPU.ActiveCfg = Debug|Any CPU
		{7983A280-785C-4948-97CA-9B11157A6467}.Debug|Any CPU.Build.0 = Debug|Any CPU
		{7983A280-785C-4948-97CA-9B11157A6467}.Debug|x64.ActiveCfg = Debug|x64
		{7983A280-785C-4948-97CA-9B11157A6467}.Debug|x64.Build.0 = Debug|x64
		{7983A280-785C-4948-97CA-9B11157A6467}.Debug|x86.ActiveCfg = Debug|x86
		{7983A280-785C-4948-97CA-9B11157A6467}.Debug|x86.Build.0 = Debug|x86
		{7983A280-785C-4948-97CA-9B11157A6467}.Release|Any CPU.ActiveCfg = Release|Any CPU
		{7983A280-785C-4948-97CA-9B11157A6467}.Release|Any CPU.Build.0 = Release|Any CPU
		{7983A280-785C-4948-97CA-9B11157A6467}.Release|x64.ActiveCfg = Release|x64
		{7983A280-785C-4948-97CA-9B11157A6467}.Release|x64.Build.0 = Release|x64
		{7983A280-785C-4948-97CA-9B11157A6467}.Release|x86.ActiveCfg = Release|x86
		{7983A280-785C-4948-97CA-9B11157A6467}.Release|x86.Build.0 = Release|x86
		{522D382B-75D2-4323-A0FA-C99AF2CCD644}.Debug|Any CPU.ActiveCfg = Debug|Any CPU
		{522D382B-75D2-4323-A0FA-C99AF2CCD644}.Debug|Any CPU.Build.0 = Debug|Any CPU
		{522D382B-75D2-4323-A0FA-C99AF2CCD644}.Debug|x64.ActiveCfg = Debug|x64
		{522D382B-75D2-4323-A0FA-C99AF2CCD644}.Debug|x64.Build.0 = Debug|x64
		{522D382B-75D2-4323-A0FA-C99AF2CCD644}.Debug|x86.ActiveCfg = Debug|x86
		{522D382B-75D2-4323-A0FA-C99AF2CCD644}.Debug|x86.Build.0 = Debug|x86
		{522D382B-75D2-4323-A0FA-C99AF2CCD644}.Release|Any CPU.ActiveCfg = Release|Any CPU
		{522D382B-75D2-4323-A0FA-C99AF2CCD644}.Release|Any CPU.Build.0 = Release|Any CPU
		{522D382B-75D2-4323-A0FA-C99AF2CCD644}.Release|x64.ActiveCfg = Release|x64
		{522D382B-75D2-4323-A0FA-C99AF2CCD644}.Release|x64.Build.0 = Release|x64
		{522D382B-75D2-4323-A0FA-C99AF2CCD644}.Release|x86.ActiveCfg = Release|x86
		{522D382B-75D2-4323-A0FA-C99AF2CCD644}.Release|x86.Build.0 = Release|x86
		{BF52A9C7-F5CD-42BD-B574-5BDB4C1EC120}.Debug|Any CPU.ActiveCfg = Debug|Any CPU
		{BF52A9C7-F5CD-42BD-B574-5BDB4C1EC120}.Debug|Any CPU.Build.0 = Debug|Any CPU
		{BF52A9C7-F5CD-42BD-B574-5BDB4C1EC120}.Debug|x64.ActiveCfg = Debug|x64
		{BF52A9C7-F5CD-42BD-B574-5BDB4C1EC120}.Debug|x64.Build.0 = Debug|x64
		{BF52A9C7-F5CD-42BD-B574-5BDB4C1EC120}.Debug|x86.ActiveCfg = Debug|x86
		{BF52A9C7-F5CD-42BD-B574-5BDB4C1EC120}.Debug|x86.Build.0 = Debug|x86
		{BF52A9C7-F5CD-42BD-B574-5BDB4C1EC120}.Release|Any CPU.ActiveCfg = Release|Any CPU
		{BF52A9C7-F5CD-42BD-B574-5BDB4C1EC120}.Release|Any CPU.Build.0 = Release|Any CPU
		{BF52A9C7-F5CD-42BD-B574-5BDB4C1EC120}.Release|x64.ActiveCfg = Release|x64
		{BF52A9C7-F5CD-42BD-B574-5BDB4C1EC120}.Release|x64.Build.0 = Release|x64
		{BF52A9C7-F5CD-42BD-B574-5BDB4C1EC120}.Release|x86.ActiveCfg = Release|x86
		{BF52A9C7-F5CD-42BD-B574-5BDB4C1EC120}.Release|x86.Build.0 = Release|x86
		{FCF88F8B-D522-443D-85FB-8C6B32B16427}.Debug|Any CPU.ActiveCfg = Debug|Any CPU
		{FCF88F8B-D522-443D-85FB-8C6B32B16427}.Debug|Any CPU.Build.0 = Debug|Any CPU
		{FCF88F8B-D522-443D-85FB-8C6B32B16427}.Debug|x64.ActiveCfg = Debug|x64
		{FCF88F8B-D522-443D-85FB-8C6B32B16427}.Debug|x64.Build.0 = Debug|x64
		{FCF88F8B-D522-443D-85FB-8C6B32B16427}.Debug|x86.ActiveCfg = Debug|x86
		{FCF88F8B-D522-443D-85FB-8C6B32B16427}.Debug|x86.Build.0 = Debug|x86
		{FCF88F8B-D522-443D-85FB-8C6B32B16427}.Release|Any CPU.ActiveCfg = Release|Any CPU
		{FCF88F8B-D522-443D-85FB-8C6B32B16427}.Release|Any CPU.Build.0 = Release|Any CPU
		{FCF88F8B-D522-443D-85FB-8C6B32B16427}.Release|x64.ActiveCfg = Release|x64
		{FCF88F8B-D522-443D-85FB-8C6B32B16427}.Release|x64.Build.0 = Release|x64
		{FCF88F8B-D522-443D-85FB-8C6B32B16427}.Release|x86.ActiveCfg = Release|x86
		{FCF88F8B-D522-443D-85FB-8C6B32B16427}.Release|x86.Build.0 = Release|x86
		{1E414976-B459-4C9C-A322-BF9F5114D906}.Debug|Any CPU.ActiveCfg = Debug|Any CPU
		{1E414976-B459-4C9C-A322-BF9F5114D906}.Debug|Any CPU.Build.0 = Debug|Any CPU
		{1E414976-B459-4C9C-A322-BF9F5114D906}.Debug|x64.ActiveCfg = Debug|x64
		{1E414976-B459-4C9C-A322-BF9F5114D906}.Debug|x64.Build.0 = Debug|x64
		{1E414976-B459-4C9C-A322-BF9F5114D906}.Debug|x86.ActiveCfg = Debug|x86
		{1E414976-B459-4C9C-A322-BF9F5114D906}.Debug|x86.Build.0 = Debug|x86
		{1E414976-B459-4C9C-A322-BF9F5114D906}.Release|Any CPU.ActiveCfg = Release|Any CPU
		{1E414976-B459-4C9C-A322-BF9F5114D906}.Release|Any CPU.Build.0 = Release|Any CPU
		{1E414976-B459-4C9C-A322-BF9F5114D906}.Release|x64.ActiveCfg = Release|x64
		{1E414976-B459-4C9C-A322-BF9F5114D906}.Release|x64.Build.0 = Release|x64
		{1E414976-B459-4C9C-A322-BF9F5114D906}.Release|x86.ActiveCfg = Release|x86
		{1E414976-B459-4C9C-A322-BF9F5114D906}.Release|x86.Build.0 = Release|x86
		{99D7676A-AAC2-4B0C-8FCC-495B69920AC9}.Debug|Any CPU.ActiveCfg = Debug|Any CPU
		{99D7676A-AAC2-4B0C-8FCC-495B69920AC9}.Debug|Any CPU.Build.0 = Debug|Any CPU
		{99D7676A-AAC2-4B0C-8FCC-495B69920AC9}.Debug|x64.ActiveCfg = Debug|x64
		{99D7676A-AAC2-4B0C-8FCC-495B69920AC9}.Debug|x64.Build.0 = Debug|x64
		{99D7676A-AAC2-4B0C-8FCC-495B69920AC9}.Debug|x86.ActiveCfg = Debug|x86
		{99D7676A-AAC2-4B0C-8FCC-495B69920AC9}.Debug|x86.Build.0 = Debug|x86
		{99D7676A-AAC2-4B0C-8FCC-495B69920AC9}.Release|Any CPU.ActiveCfg = Release|Any CPU
		{99D7676A-AAC2-4B0C-8FCC-495B69920AC9}.Release|Any CPU.Build.0 = Release|Any CPU
		{99D7676A-AAC2-4B0C-8FCC-495B69920AC9}.Release|x64.ActiveCfg = Release|x64
		{99D7676A-AAC2-4B0C-8FCC-495B69920AC9}.Release|x64.Build.0 = Release|x64
		{99D7676A-AAC2-4B0C-8FCC-495B69920AC9}.Release|x86.ActiveCfg = Release|x86
		{99D7676A-AAC2-4B0C-8FCC-495B69920AC9}.Release|x86.Build.0 = Release|x86
		{1D0017E8-7F44-4651-80E7-2237D588E504}.Debug|Any CPU.ActiveCfg = Debug|Any CPU
		{1D0017E8-7F44-4651-80E7-2237D588E504}.Debug|Any CPU.Build.0 = Debug|Any CPU
		{1D0017E8-7F44-4651-80E7-2237D588E504}.Debug|x64.ActiveCfg = Debug|x64
		{1D0017E8-7F44-4651-80E7-2237D588E504}.Debug|x64.Build.0 = Debug|x64
		{1D0017E8-7F44-4651-80E7-2237D588E504}.Debug|x86.ActiveCfg = Debug|x86
		{1D0017E8-7F44-4651-80E7-2237D588E504}.Debug|x86.Build.0 = Debug|x86
		{1D0017E8-7F44-4651-80E7-2237D588E504}.Release|Any CPU.ActiveCfg = Release|Any CPU
		{1D0017E8-7F44-4651-80E7-2237D588E504}.Release|Any CPU.Build.0 = Release|Any CPU
		{1D0017E8-7F44-4651-80E7-2237D588E504}.Release|x64.ActiveCfg = Release|x64
		{1D0017E8-7F44-4651-80E7-2237D588E504}.Release|x64.Build.0 = Release|x64
		{1D0017E8-7F44-4651-80E7-2237D588E504}.Release|x86.ActiveCfg = Release|x86
		{1D0017E8-7F44-4651-80E7-2237D588E504}.Release|x86.Build.0 = Release|x86
		{C5436A84-10D4-4DA6-9EAF-213C31344983}.Debug|Any CPU.ActiveCfg = Debug|Any CPU
		{C5436A84-10D4-4DA6-9EAF-213C31344983}.Debug|Any CPU.Build.0 = Debug|Any CPU
		{C5436A84-10D4-4DA6-9EAF-213C31344983}.Debug|x64.ActiveCfg = Debug|x64
		{C5436A84-10D4-4DA6-9EAF-213C31344983}.Debug|x64.Build.0 = Debug|x64
		{C5436A84-10D4-4DA6-9EAF-213C31344983}.Debug|x86.ActiveCfg = Debug|x86
		{C5436A84-10D4-4DA6-9EAF-213C31344983}.Debug|x86.Build.0 = Debug|x86
		{C5436A84-10D4-4DA6-9EAF-213C31344983}.Release|Any CPU.ActiveCfg = Release|Any CPU
		{C5436A84-10D4-4DA6-9EAF-213C31344983}.Release|Any CPU.Build.0 = Release|Any CPU
		{C5436A84-10D4-4DA6-9EAF-213C31344983}.Release|x64.ActiveCfg = Release|x64
		{C5436A84-10D4-4DA6-9EAF-213C31344983}.Release|x64.Build.0 = Release|x64
		{C5436A84-10D4-4DA6-9EAF-213C31344983}.Release|x86.ActiveCfg = Release|x86
		{C5436A84-10D4-4DA6-9EAF-213C31344983}.Release|x86.Build.0 = Release|x86
		{FA7C15CE-46F6-4183-BC3A-B63E5A021215}.Debug|Any CPU.ActiveCfg = Debug|Any CPU
		{FA7C15CE-46F6-4183-BC3A-B63E5A021215}.Debug|Any CPU.Build.0 = Debug|Any CPU
		{FA7C15CE-46F6-4183-BC3A-B63E5A021215}.Debug|x64.ActiveCfg = Debug|x64
		{FA7C15CE-46F6-4183-BC3A-B63E5A021215}.Debug|x64.Build.0 = Debug|x64
		{FA7C15CE-46F6-4183-BC3A-B63E5A021215}.Debug|x86.ActiveCfg = Debug|x86
		{FA7C15CE-46F6-4183-BC3A-B63E5A021215}.Debug|x86.Build.0 = Debug|x86
		{FA7C15CE-46F6-4183-BC3A-B63E5A021215}.Release|Any CPU.ActiveCfg = Release|Any CPU
		{FA7C15CE-46F6-4183-BC3A-B63E5A021215}.Release|Any CPU.Build.0 = Release|Any CPU
		{FA7C15CE-46F6-4183-BC3A-B63E5A021215}.Release|x64.ActiveCfg = Release|x64
		{FA7C15CE-46F6-4183-BC3A-B63E5A021215}.Release|x64.Build.0 = Release|x64
		{FA7C15CE-46F6-4183-BC3A-B63E5A021215}.Release|x86.ActiveCfg = Release|x86
		{FA7C15CE-46F6-4183-BC3A-B63E5A021215}.Release|x86.Build.0 = Release|x86
		{D9781257-EB9C-499B-BC12-ED4ACFEA99E3}.Debug|Any CPU.ActiveCfg = Debug|Any CPU
		{D9781257-EB9C-499B-BC12-ED4ACFEA99E3}.Debug|Any CPU.Build.0 = Debug|Any CPU
		{D9781257-EB9C-499B-BC12-ED4ACFEA99E3}.Debug|x64.ActiveCfg = Debug|x64
		{D9781257-EB9C-499B-BC12-ED4ACFEA99E3}.Debug|x64.Build.0 = Debug|x64
		{D9781257-EB9C-499B-BC12-ED4ACFEA99E3}.Debug|x86.ActiveCfg = Debug|x86
		{D9781257-EB9C-499B-BC12-ED4ACFEA99E3}.Debug|x86.Build.0 = Debug|x86
		{D9781257-EB9C-499B-BC12-ED4ACFEA99E3}.Release|Any CPU.ActiveCfg = Release|Any CPU
		{D9781257-EB9C-499B-BC12-ED4ACFEA99E3}.Release|Any CPU.Build.0 = Release|Any CPU
		{D9781257-EB9C-499B-BC12-ED4ACFEA99E3}.Release|x64.ActiveCfg = Release|x64
		{D9781257-EB9C-499B-BC12-ED4ACFEA99E3}.Release|x64.Build.0 = Release|x64
		{D9781257-EB9C-499B-BC12-ED4ACFEA99E3}.Release|x86.ActiveCfg = Release|x86
		{D9781257-EB9C-499B-BC12-ED4ACFEA99E3}.Release|x86.Build.0 = Release|x86
	EndGlobalSection
EndGlobal
