Microsoft Visual Studio Solution File, Format Version 12.00
# Visual Studio 15
VisualStudioVersion = 15.0.26114.2
MinimumVisualStudioVersion = 10.0.40219.1
Project("{2150E333-8FDC-42A3-9474-1A3956D46DE8}") = "TestProjects", "TestProjects", "{B4FA8947-30BA-4AD5-9701-0679E1CE2EF9}"
EndProject
Project("{FAE04EC0-301F-11D3-BF4B-00C04F79EFBC}") = "StoryTeller", "StoryTeller\StoryTeller.csproj", "{FD3E277C-3856-4C89-851F-3ABBD58EEA40}"
EndProject
Project("{FAE04EC0-301F-11D3-BF4B-00C04F79EFBC}") = "BadSystem", "BadSystem\BadSystem.csproj", "{C24C1C85-EE17-4487-898F-FE9F9C51B606}"
EndProject
Project("{FAE04EC0-301F-11D3-BF4B-00C04F79EFBC}") = "InvalidExamples", "InvalidExamples\InvalidExamples.csproj", "{6B9DFE48-B8D3-470E-868C-3AAD5C2E95F4}"
EndProject
Project("{FAE04EC0-301F-11D3-BF4B-00C04F79EFBC}") = "MultipleSystems", "MultipleSystems\MultipleSystems.csproj", "{9DDB7903-7B0A-45F6-9EB6-1A5236F77A25}"
EndProject
Project("{FAE04EC0-301F-11D3-BF4B-00C04F79EFBC}") = "Samples", "Samples\Samples.csproj", "{52BC71E4-16A4-4226-8155-1273FA3BDDDC}"
EndProject
Project("{FAE04EC0-301F-11D3-BF4B-00C04F79EFBC}") = "StoryTeller.Gallery", "StoryTeller.Gallery\StoryTeller.Gallery.csproj", "{A7C1CACC-1321-4992-B4CA-7F062B4D85CD}"
EndProject
Project("{FAE04EC0-301F-11D3-BF4B-00C04F79EFBC}") = "StoryTeller.Samples", "StoryTeller.Samples\StoryTeller.Samples.csproj", "{B7A9BB52-EC33-46D5-9176-58850C53E998}"
EndProject
Project("{FAE04EC0-301F-11D3-BF4B-00C04F79EFBC}") = "Specifications", "Specifications\Specifications.csproj", "{0D595331-549A-48FF-84F0-8D3A9EF9D359}"
EndProject
Project("{FAE04EC0-301F-11D3-BF4B-00C04F79EFBC}") = "StoryTeller.Testing", "StoryTeller.Testing\StoryTeller.Testing.csproj", "{58CA9462-FC9B-466C-A446-A1B5DEA52BEC}"
EndProject
Project("{FAE04EC0-301F-11D3-BF4B-00C04F79EFBC}") = "StorytellerDocGen.Testing", "StorytellerDocGen.Testing\StorytellerDocGen.Testing.csproj", "{EDC482AE-9234-40F2-A2B9-4E0F7932C00C}"
EndProject
Project("{FAE04EC0-301F-11D3-BF4B-00C04F79EFBC}") = "BlowsUp", "BlowsUp\BlowsUp.csproj", "{C42CDF92-330D-4193-B2D5-2C0EB0DCF1FF}"
EndProject
Project("{FAE04EC0-301F-11D3-BF4B-00C04F79EFBC}") = "IntegrationTests", "IntegrationTests\IntegrationTests.csproj", "{0C54C43D-CC33-4854-A2E8-5A23E2170646}"
EndProject
Project("{FAE04EC0-301F-11D3-BF4B-00C04F79EFBC}") = "Testbed", "Testbed\Testbed.csproj", "{5755650C-7CD5-4C05-A492-0080CF68B16D}"
EndProject
Project("{FAE04EC0-301F-11D3-BF4B-00C04F79EFBC}") = "dotnet-stdocs", "dotnet-stdocs\dotnet-stdocs.csproj", "{0ACEFCA2-A5ED-45EB-A3E3-EFEC90A1FF30}"
EndProject
Project("{FAE04EC0-301F-11D3-BF4B-00C04F79EFBC}") = "StorytellerRunner", "StorytellerRunner\StorytellerRunner.csproj", "{C4704FBC-C67E-4FCE-A03A-35E2C482C6BE}"
EndProject
Project("{FAE04EC0-301F-11D3-BF4B-00C04F79EFBC}") = "dotnet-storyteller", "dotnet-storyteller\dotnet-storyteller.csproj", "{DC10EB19-53FD-47DD-9F38-046D93AB83B8}"
EndProject
Project("{FAE04EC0-301F-11D3-BF4B-00C04F79EFBC}") = "Storyteller.AspNetCore", "Storyteller.AspNetCore\Storyteller.AspNetCore.csproj", "{FDB7A0CE-D307-4A90-83B9-B92482F042F8}"
EndProject
Project("{FAE04EC0-301F-11D3-BF4B-00C04F79EFBC}") = "Storyteller.AspNetCore.Samples", "Storyteller.AspNetCore.Samples\Storyteller.AspNetCore.Samples.csproj", "{455FBC99-2420-4E9A-BA1D-81DD45DAE680}"
EndProject
Project("{FAE04EC0-301F-11D3-BF4B-00C04F79EFBC}") = "WebApp", "WebApp\WebApp.csproj", "{52733A25-1E8D-4250-A9B5-D135EE6C1557}"
EndProject
Project("{FAE04EC0-301F-11D3-BF4B-00C04F79EFBC}") = "Storyteller.RDBMS", "Storyteller.RDBMS\Storyteller.RDBMS.csproj", "{3CE1E65C-3955-4CE9-9C9B-554AF80A5223}"
EndProject
Project("{FAE04EC0-301F-11D3-BF4B-00C04F79EFBC}") = "DatabaseSamples", "DatabaseSamples\DatabaseSamples.csproj", "{E176A58D-7D3D-4D7B-8894-8DCF68369F1A}"
EndProject
Project("{FAE04EC0-301F-11D3-BF4B-00C04F79EFBC}") = "Storyteller.Selenium", "Storyteller.Selenium\Storyteller.Selenium.csproj", "{25F1CD74-ED41-41B3-B599-36C3F6D5781B}"
EndProject
Project("{FAE04EC0-301F-11D3-BF4B-00C04F79EFBC}") = "Storyteller.Selenium.Samples", "Storyteller.Selenium.Samples\Storyteller.Selenium.Samples.csproj", "{3E40BD31-C8FB-4C56-BCBF-7D445400D20C}"
EndProject
Project("{FAE04EC0-301F-11D3-BF4B-00C04F79EFBC}") = "Storyteller.Redux", "Storyteller.Redux\Storyteller.Redux.csproj", "{00D7B828-868F-4509-8D94-E1D608862772}"
EndProject
Project("{2150E333-8FDC-42A3-9474-1A3956D46DE8}") = "SampleProjects", "SampleProjects", "{BF1EF462-3525-4FBA-A88E-A21D5E1498A1}"
EndProject
Project("{FAE04EC0-301F-11D3-BF4B-00C04F79EFBC}") = "ReduxSamples", "ReduxSamples\ReduxSamples.csproj", "{B25403A9-0A8A-4E4A-A399-679918FE7607}"
EndProject
Global
	GlobalSection(SolutionConfigurationPlatforms) = preSolution
		Debug|Any CPU = Debug|Any CPU
		Debug|Mixed Platforms = Debug|Mixed Platforms
		Debug|x64 = Debug|x64
		Debug|x86 = Debug|x86
		Release|Any CPU = Release|Any CPU
		Release|Mixed Platforms = Release|Mixed Platforms
		Release|x64 = Release|x64
		Release|x86 = Release|x86
	EndGlobalSection
	GlobalSection(ProjectConfigurationPlatforms) = postSolution
		{FD3E277C-3856-4C89-851F-3ABBD58EEA40}.Debug|Any CPU.ActiveCfg = Debug|Any CPU
		{FD3E277C-3856-4C89-851F-3ABBD58EEA40}.Debug|Any CPU.Build.0 = Debug|Any CPU
		{FD3E277C-3856-4C89-851F-3ABBD58EEA40}.Debug|Mixed Platforms.ActiveCfg = Debug|Any CPU
		{FD3E277C-3856-4C89-851F-3ABBD58EEA40}.Debug|Mixed Platforms.Build.0 = Debug|Any CPU
		{FD3E277C-3856-4C89-851F-3ABBD58EEA40}.Debug|x64.ActiveCfg = Debug|Any CPU
		{FD3E277C-3856-4C89-851F-3ABBD58EEA40}.Debug|x64.Build.0 = Debug|Any CPU
		{FD3E277C-3856-4C89-851F-3ABBD58EEA40}.Debug|x86.ActiveCfg = Debug|Any CPU
		{FD3E277C-3856-4C89-851F-3ABBD58EEA40}.Debug|x86.Build.0 = Debug|Any CPU
		{FD3E277C-3856-4C89-851F-3ABBD58EEA40}.Release|Any CPU.ActiveCfg = Release|Any CPU
		{FD3E277C-3856-4C89-851F-3ABBD58EEA40}.Release|Any CPU.Build.0 = Release|Any CPU
		{FD3E277C-3856-4C89-851F-3ABBD58EEA40}.Release|Mixed Platforms.ActiveCfg = Release|Any CPU
		{FD3E277C-3856-4C89-851F-3ABBD58EEA40}.Release|Mixed Platforms.Build.0 = Release|Any CPU
		{FD3E277C-3856-4C89-851F-3ABBD58EEA40}.Release|x64.ActiveCfg = Release|Any CPU
		{FD3E277C-3856-4C89-851F-3ABBD58EEA40}.Release|x64.Build.0 = Release|Any CPU
		{FD3E277C-3856-4C89-851F-3ABBD58EEA40}.Release|x86.ActiveCfg = Release|Any CPU
		{FD3E277C-3856-4C89-851F-3ABBD58EEA40}.Release|x86.Build.0 = Release|Any CPU
		{C24C1C85-EE17-4487-898F-FE9F9C51B606}.Debug|Any CPU.ActiveCfg = Debug|Any CPU
		{C24C1C85-EE17-4487-898F-FE9F9C51B606}.Debug|Any CPU.Build.0 = Debug|Any CPU
		{C24C1C85-EE17-4487-898F-FE9F9C51B606}.Debug|Mixed Platforms.ActiveCfg = Debug|Any CPU
		{C24C1C85-EE17-4487-898F-FE9F9C51B606}.Debug|Mixed Platforms.Build.0 = Debug|Any CPU
		{C24C1C85-EE17-4487-898F-FE9F9C51B606}.Debug|x64.ActiveCfg = Debug|Any CPU
		{C24C1C85-EE17-4487-898F-FE9F9C51B606}.Debug|x64.Build.0 = Debug|Any CPU
		{C24C1C85-EE17-4487-898F-FE9F9C51B606}.Debug|x86.ActiveCfg = Debug|Any CPU
		{C24C1C85-EE17-4487-898F-FE9F9C51B606}.Debug|x86.Build.0 = Debug|Any CPU
		{C24C1C85-EE17-4487-898F-FE9F9C51B606}.Release|Any CPU.ActiveCfg = Release|Any CPU
		{C24C1C85-EE17-4487-898F-FE9F9C51B606}.Release|Any CPU.Build.0 = Release|Any CPU
		{C24C1C85-EE17-4487-898F-FE9F9C51B606}.Release|Mixed Platforms.ActiveCfg = Release|Any CPU
		{C24C1C85-EE17-4487-898F-FE9F9C51B606}.Release|Mixed Platforms.Build.0 = Release|Any CPU
		{C24C1C85-EE17-4487-898F-FE9F9C51B606}.Release|x64.ActiveCfg = Release|Any CPU
		{C24C1C85-EE17-4487-898F-FE9F9C51B606}.Release|x64.Build.0 = Release|Any CPU
		{C24C1C85-EE17-4487-898F-FE9F9C51B606}.Release|x86.ActiveCfg = Release|Any CPU
		{C24C1C85-EE17-4487-898F-FE9F9C51B606}.Release|x86.Build.0 = Release|Any CPU
		{6B9DFE48-B8D3-470E-868C-3AAD5C2E95F4}.Debug|Any CPU.ActiveCfg = Debug|Any CPU
		{6B9DFE48-B8D3-470E-868C-3AAD5C2E95F4}.Debug|Any CPU.Build.0 = Debug|Any CPU
		{6B9DFE48-B8D3-470E-868C-3AAD5C2E95F4}.Debug|Mixed Platforms.ActiveCfg = Debug|Any CPU
		{6B9DFE48-B8D3-470E-868C-3AAD5C2E95F4}.Debug|Mixed Platforms.Build.0 = Debug|Any CPU
		{6B9DFE48-B8D3-470E-868C-3AAD5C2E95F4}.Debug|x64.ActiveCfg = Debug|Any CPU
		{6B9DFE48-B8D3-470E-868C-3AAD5C2E95F4}.Debug|x64.Build.0 = Debug|Any CPU
		{6B9DFE48-B8D3-470E-868C-3AAD5C2E95F4}.Debug|x86.ActiveCfg = Debug|Any CPU
		{6B9DFE48-B8D3-470E-868C-3AAD5C2E95F4}.Debug|x86.Build.0 = Debug|Any CPU
		{6B9DFE48-B8D3-470E-868C-3AAD5C2E95F4}.Release|Any CPU.ActiveCfg = Release|Any CPU
		{6B9DFE48-B8D3-470E-868C-3AAD5C2E95F4}.Release|Any CPU.Build.0 = Release|Any CPU
		{6B9DFE48-B8D3-470E-868C-3AAD5C2E95F4}.Release|Mixed Platforms.ActiveCfg = Release|Any CPU
		{6B9DFE48-B8D3-470E-868C-3AAD5C2E95F4}.Release|Mixed Platforms.Build.0 = Release|Any CPU
		{6B9DFE48-B8D3-470E-868C-3AAD5C2E95F4}.Release|x64.ActiveCfg = Release|Any CPU
		{6B9DFE48-B8D3-470E-868C-3AAD5C2E95F4}.Release|x64.Build.0 = Release|Any CPU
		{6B9DFE48-B8D3-470E-868C-3AAD5C2E95F4}.Release|x86.ActiveCfg = Release|Any CPU
		{6B9DFE48-B8D3-470E-868C-3AAD5C2E95F4}.Release|x86.Build.0 = Release|Any CPU
		{9DDB7903-7B0A-45F6-9EB6-1A5236F77A25}.Debug|Any CPU.ActiveCfg = Debug|Any CPU
		{9DDB7903-7B0A-45F6-9EB6-1A5236F77A25}.Debug|Any CPU.Build.0 = Debug|Any CPU
		{9DDB7903-7B0A-45F6-9EB6-1A5236F77A25}.Debug|Mixed Platforms.ActiveCfg = Debug|Any CPU
		{9DDB7903-7B0A-45F6-9EB6-1A5236F77A25}.Debug|Mixed Platforms.Build.0 = Debug|Any CPU
		{9DDB7903-7B0A-45F6-9EB6-1A5236F77A25}.Debug|x64.ActiveCfg = Debug|Any CPU
		{9DDB7903-7B0A-45F6-9EB6-1A5236F77A25}.Debug|x64.Build.0 = Debug|Any CPU
		{9DDB7903-7B0A-45F6-9EB6-1A5236F77A25}.Debug|x86.ActiveCfg = Debug|Any CPU
		{9DDB7903-7B0A-45F6-9EB6-1A5236F77A25}.Debug|x86.Build.0 = Debug|Any CPU
		{9DDB7903-7B0A-45F6-9EB6-1A5236F77A25}.Release|Any CPU.ActiveCfg = Release|Any CPU
		{9DDB7903-7B0A-45F6-9EB6-1A5236F77A25}.Release|Any CPU.Build.0 = Release|Any CPU
		{9DDB7903-7B0A-45F6-9EB6-1A5236F77A25}.Release|Mixed Platforms.ActiveCfg = Release|Any CPU
		{9DDB7903-7B0A-45F6-9EB6-1A5236F77A25}.Release|Mixed Platforms.Build.0 = Release|Any CPU
		{9DDB7903-7B0A-45F6-9EB6-1A5236F77A25}.Release|x64.ActiveCfg = Release|Any CPU
		{9DDB7903-7B0A-45F6-9EB6-1A5236F77A25}.Release|x64.Build.0 = Release|Any CPU
		{9DDB7903-7B0A-45F6-9EB6-1A5236F77A25}.Release|x86.ActiveCfg = Release|Any CPU
		{9DDB7903-7B0A-45F6-9EB6-1A5236F77A25}.Release|x86.Build.0 = Release|Any CPU
		{52BC71E4-16A4-4226-8155-1273FA3BDDDC}.Debug|Any CPU.ActiveCfg = Debug|Any CPU
		{52BC71E4-16A4-4226-8155-1273FA3BDDDC}.Debug|Any CPU.Build.0 = Debug|Any CPU
		{52BC71E4-16A4-4226-8155-1273FA3BDDDC}.Debug|Mixed Platforms.ActiveCfg = Debug|Any CPU
		{52BC71E4-16A4-4226-8155-1273FA3BDDDC}.Debug|Mixed Platforms.Build.0 = Debug|Any CPU
		{52BC71E4-16A4-4226-8155-1273FA3BDDDC}.Debug|x64.ActiveCfg = Debug|Any CPU
		{52BC71E4-16A4-4226-8155-1273FA3BDDDC}.Debug|x64.Build.0 = Debug|Any CPU
		{52BC71E4-16A4-4226-8155-1273FA3BDDDC}.Debug|x86.ActiveCfg = Debug|Any CPU
		{52BC71E4-16A4-4226-8155-1273FA3BDDDC}.Debug|x86.Build.0 = Debug|Any CPU
		{52BC71E4-16A4-4226-8155-1273FA3BDDDC}.Release|Any CPU.ActiveCfg = Release|Any CPU
		{52BC71E4-16A4-4226-8155-1273FA3BDDDC}.Release|Any CPU.Build.0 = Release|Any CPU
		{52BC71E4-16A4-4226-8155-1273FA3BDDDC}.Release|Mixed Platforms.ActiveCfg = Release|Any CPU
		{52BC71E4-16A4-4226-8155-1273FA3BDDDC}.Release|Mixed Platforms.Build.0 = Release|Any CPU
		{52BC71E4-16A4-4226-8155-1273FA3BDDDC}.Release|x64.ActiveCfg = Release|Any CPU
		{52BC71E4-16A4-4226-8155-1273FA3BDDDC}.Release|x64.Build.0 = Release|Any CPU
		{52BC71E4-16A4-4226-8155-1273FA3BDDDC}.Release|x86.ActiveCfg = Release|Any CPU
		{52BC71E4-16A4-4226-8155-1273FA3BDDDC}.Release|x86.Build.0 = Release|Any CPU
		{A7C1CACC-1321-4992-B4CA-7F062B4D85CD}.Debug|Any CPU.ActiveCfg = Debug|Any CPU
		{A7C1CACC-1321-4992-B4CA-7F062B4D85CD}.Debug|Any CPU.Build.0 = Debug|Any CPU
		{A7C1CACC-1321-4992-B4CA-7F062B4D85CD}.Debug|Mixed Platforms.ActiveCfg = Debug|Any CPU
		{A7C1CACC-1321-4992-B4CA-7F062B4D85CD}.Debug|Mixed Platforms.Build.0 = Debug|Any CPU
		{A7C1CACC-1321-4992-B4CA-7F062B4D85CD}.Debug|x64.ActiveCfg = Debug|Any CPU
		{A7C1CACC-1321-4992-B4CA-7F062B4D85CD}.Debug|x64.Build.0 = Debug|Any CPU
		{A7C1CACC-1321-4992-B4CA-7F062B4D85CD}.Debug|x86.ActiveCfg = Debug|Any CPU
		{A7C1CACC-1321-4992-B4CA-7F062B4D85CD}.Debug|x86.Build.0 = Debug|Any CPU
		{A7C1CACC-1321-4992-B4CA-7F062B4D85CD}.Release|Any CPU.ActiveCfg = Release|Any CPU
		{A7C1CACC-1321-4992-B4CA-7F062B4D85CD}.Release|Any CPU.Build.0 = Release|Any CPU
		{A7C1CACC-1321-4992-B4CA-7F062B4D85CD}.Release|Mixed Platforms.ActiveCfg = Release|Any CPU
		{A7C1CACC-1321-4992-B4CA-7F062B4D85CD}.Release|Mixed Platforms.Build.0 = Release|Any CPU
		{A7C1CACC-1321-4992-B4CA-7F062B4D85CD}.Release|x64.ActiveCfg = Release|Any CPU
		{A7C1CACC-1321-4992-B4CA-7F062B4D85CD}.Release|x64.Build.0 = Release|Any CPU
		{A7C1CACC-1321-4992-B4CA-7F062B4D85CD}.Release|x86.ActiveCfg = Release|Any CPU
		{A7C1CACC-1321-4992-B4CA-7F062B4D85CD}.Release|x86.Build.0 = Release|Any CPU
		{B7A9BB52-EC33-46D5-9176-58850C53E998}.Debug|Any CPU.ActiveCfg = Debug|Any CPU
		{B7A9BB52-EC33-46D5-9176-58850C53E998}.Debug|Any CPU.Build.0 = Debug|Any CPU
		{B7A9BB52-EC33-46D5-9176-58850C53E998}.Debug|Mixed Platforms.ActiveCfg = Debug|Any CPU
		{B7A9BB52-EC33-46D5-9176-58850C53E998}.Debug|Mixed Platforms.Build.0 = Debug|Any CPU
		{B7A9BB52-EC33-46D5-9176-58850C53E998}.Debug|x64.ActiveCfg = Debug|Any CPU
		{B7A9BB52-EC33-46D5-9176-58850C53E998}.Debug|x64.Build.0 = Debug|Any CPU
		{B7A9BB52-EC33-46D5-9176-58850C53E998}.Debug|x86.ActiveCfg = Debug|Any CPU
		{B7A9BB52-EC33-46D5-9176-58850C53E998}.Debug|x86.Build.0 = Debug|Any CPU
		{B7A9BB52-EC33-46D5-9176-58850C53E998}.Release|Any CPU.ActiveCfg = Release|Any CPU
		{B7A9BB52-EC33-46D5-9176-58850C53E998}.Release|Any CPU.Build.0 = Release|Any CPU
		{B7A9BB52-EC33-46D5-9176-58850C53E998}.Release|Mixed Platforms.ActiveCfg = Release|Any CPU
		{B7A9BB52-EC33-46D5-9176-58850C53E998}.Release|Mixed Platforms.Build.0 = Release|Any CPU
		{B7A9BB52-EC33-46D5-9176-58850C53E998}.Release|x64.ActiveCfg = Release|Any CPU
		{B7A9BB52-EC33-46D5-9176-58850C53E998}.Release|x64.Build.0 = Release|Any CPU
		{B7A9BB52-EC33-46D5-9176-58850C53E998}.Release|x86.ActiveCfg = Release|Any CPU
		{B7A9BB52-EC33-46D5-9176-58850C53E998}.Release|x86.Build.0 = Release|Any CPU
		{0D595331-549A-48FF-84F0-8D3A9EF9D359}.Debug|Any CPU.ActiveCfg = Debug|Any CPU
		{0D595331-549A-48FF-84F0-8D3A9EF9D359}.Debug|Any CPU.Build.0 = Debug|Any CPU
		{0D595331-549A-48FF-84F0-8D3A9EF9D359}.Debug|Mixed Platforms.ActiveCfg = Debug|Any CPU
		{0D595331-549A-48FF-84F0-8D3A9EF9D359}.Debug|Mixed Platforms.Build.0 = Debug|Any CPU
		{0D595331-549A-48FF-84F0-8D3A9EF9D359}.Debug|x64.ActiveCfg = Debug|Any CPU
		{0D595331-549A-48FF-84F0-8D3A9EF9D359}.Debug|x64.Build.0 = Debug|Any CPU
		{0D595331-549A-48FF-84F0-8D3A9EF9D359}.Debug|x86.ActiveCfg = Debug|Any CPU
		{0D595331-549A-48FF-84F0-8D3A9EF9D359}.Debug|x86.Build.0 = Debug|Any CPU
		{0D595331-549A-48FF-84F0-8D3A9EF9D359}.Release|Any CPU.ActiveCfg = Release|Any CPU
		{0D595331-549A-48FF-84F0-8D3A9EF9D359}.Release|Any CPU.Build.0 = Release|Any CPU
		{0D595331-549A-48FF-84F0-8D3A9EF9D359}.Release|Mixed Platforms.ActiveCfg = Release|Any CPU
		{0D595331-549A-48FF-84F0-8D3A9EF9D359}.Release|Mixed Platforms.Build.0 = Release|Any CPU
		{0D595331-549A-48FF-84F0-8D3A9EF9D359}.Release|x64.ActiveCfg = Release|Any CPU
		{0D595331-549A-48FF-84F0-8D3A9EF9D359}.Release|x64.Build.0 = Release|Any CPU
		{0D595331-549A-48FF-84F0-8D3A9EF9D359}.Release|x86.ActiveCfg = Release|Any CPU
		{0D595331-549A-48FF-84F0-8D3A9EF9D359}.Release|x86.Build.0 = Release|Any CPU
		{58CA9462-FC9B-466C-A446-A1B5DEA52BEC}.Debug|Any CPU.ActiveCfg = Debug|Any CPU
		{58CA9462-FC9B-466C-A446-A1B5DEA52BEC}.Debug|Any CPU.Build.0 = Debug|Any CPU
		{58CA9462-FC9B-466C-A446-A1B5DEA52BEC}.Debug|Mixed Platforms.ActiveCfg = Debug|Any CPU
		{58CA9462-FC9B-466C-A446-A1B5DEA52BEC}.Debug|Mixed Platforms.Build.0 = Debug|Any CPU
		{58CA9462-FC9B-466C-A446-A1B5DEA52BEC}.Debug|x64.ActiveCfg = Debug|Any CPU
		{58CA9462-FC9B-466C-A446-A1B5DEA52BEC}.Debug|x64.Build.0 = Debug|Any CPU
		{58CA9462-FC9B-466C-A446-A1B5DEA52BEC}.Debug|x86.ActiveCfg = Debug|Any CPU
		{58CA9462-FC9B-466C-A446-A1B5DEA52BEC}.Debug|x86.Build.0 = Debug|Any CPU
		{58CA9462-FC9B-466C-A446-A1B5DEA52BEC}.Release|Any CPU.ActiveCfg = Release|Any CPU
		{58CA9462-FC9B-466C-A446-A1B5DEA52BEC}.Release|Any CPU.Build.0 = Release|Any CPU
		{58CA9462-FC9B-466C-A446-A1B5DEA52BEC}.Release|Mixed Platforms.ActiveCfg = Release|Any CPU
		{58CA9462-FC9B-466C-A446-A1B5DEA52BEC}.Release|Mixed Platforms.Build.0 = Release|Any CPU
		{58CA9462-FC9B-466C-A446-A1B5DEA52BEC}.Release|x64.ActiveCfg = Release|Any CPU
		{58CA9462-FC9B-466C-A446-A1B5DEA52BEC}.Release|x64.Build.0 = Release|Any CPU
		{58CA9462-FC9B-466C-A446-A1B5DEA52BEC}.Release|x86.ActiveCfg = Release|Any CPU
		{58CA9462-FC9B-466C-A446-A1B5DEA52BEC}.Release|x86.Build.0 = Release|Any CPU
		{EDC482AE-9234-40F2-A2B9-4E0F7932C00C}.Debug|Any CPU.ActiveCfg = Debug|Any CPU
		{EDC482AE-9234-40F2-A2B9-4E0F7932C00C}.Debug|Any CPU.Build.0 = Debug|Any CPU
		{EDC482AE-9234-40F2-A2B9-4E0F7932C00C}.Debug|Mixed Platforms.ActiveCfg = Debug|Any CPU
		{EDC482AE-9234-40F2-A2B9-4E0F7932C00C}.Debug|Mixed Platforms.Build.0 = Debug|Any CPU
		{EDC482AE-9234-40F2-A2B9-4E0F7932C00C}.Debug|x64.ActiveCfg = Debug|Any CPU
		{EDC482AE-9234-40F2-A2B9-4E0F7932C00C}.Debug|x64.Build.0 = Debug|Any CPU
		{EDC482AE-9234-40F2-A2B9-4E0F7932C00C}.Debug|x86.ActiveCfg = Debug|Any CPU
		{EDC482AE-9234-40F2-A2B9-4E0F7932C00C}.Debug|x86.Build.0 = Debug|Any CPU
		{EDC482AE-9234-40F2-A2B9-4E0F7932C00C}.Release|Any CPU.ActiveCfg = Release|Any CPU
		{EDC482AE-9234-40F2-A2B9-4E0F7932C00C}.Release|Any CPU.Build.0 = Release|Any CPU
		{EDC482AE-9234-40F2-A2B9-4E0F7932C00C}.Release|Mixed Platforms.ActiveCfg = Release|Any CPU
		{EDC482AE-9234-40F2-A2B9-4E0F7932C00C}.Release|Mixed Platforms.Build.0 = Release|Any CPU
		{EDC482AE-9234-40F2-A2B9-4E0F7932C00C}.Release|x64.ActiveCfg = Release|Any CPU
		{EDC482AE-9234-40F2-A2B9-4E0F7932C00C}.Release|x64.Build.0 = Release|Any CPU
		{EDC482AE-9234-40F2-A2B9-4E0F7932C00C}.Release|x86.ActiveCfg = Release|Any CPU
		{EDC482AE-9234-40F2-A2B9-4E0F7932C00C}.Release|x86.Build.0 = Release|Any CPU
		{C42CDF92-330D-4193-B2D5-2C0EB0DCF1FF}.Debug|Any CPU.ActiveCfg = Debug|Any CPU
		{C42CDF92-330D-4193-B2D5-2C0EB0DCF1FF}.Debug|Any CPU.Build.0 = Debug|Any CPU
		{C42CDF92-330D-4193-B2D5-2C0EB0DCF1FF}.Debug|Mixed Platforms.ActiveCfg = Debug|Any CPU
		{C42CDF92-330D-4193-B2D5-2C0EB0DCF1FF}.Debug|Mixed Platforms.Build.0 = Debug|Any CPU
		{C42CDF92-330D-4193-B2D5-2C0EB0DCF1FF}.Debug|x64.ActiveCfg = Debug|Any CPU
		{C42CDF92-330D-4193-B2D5-2C0EB0DCF1FF}.Debug|x64.Build.0 = Debug|Any CPU
		{C42CDF92-330D-4193-B2D5-2C0EB0DCF1FF}.Debug|x86.ActiveCfg = Debug|Any CPU
		{C42CDF92-330D-4193-B2D5-2C0EB0DCF1FF}.Debug|x86.Build.0 = Debug|Any CPU
		{C42CDF92-330D-4193-B2D5-2C0EB0DCF1FF}.Release|Any CPU.ActiveCfg = Release|Any CPU
		{C42CDF92-330D-4193-B2D5-2C0EB0DCF1FF}.Release|Any CPU.Build.0 = Release|Any CPU
		{C42CDF92-330D-4193-B2D5-2C0EB0DCF1FF}.Release|Mixed Platforms.ActiveCfg = Release|Any CPU
		{C42CDF92-330D-4193-B2D5-2C0EB0DCF1FF}.Release|Mixed Platforms.Build.0 = Release|Any CPU
		{C42CDF92-330D-4193-B2D5-2C0EB0DCF1FF}.Release|x64.ActiveCfg = Release|Any CPU
		{C42CDF92-330D-4193-B2D5-2C0EB0DCF1FF}.Release|x64.Build.0 = Release|Any CPU
		{C42CDF92-330D-4193-B2D5-2C0EB0DCF1FF}.Release|x86.ActiveCfg = Release|Any CPU
		{C42CDF92-330D-4193-B2D5-2C0EB0DCF1FF}.Release|x86.Build.0 = Release|Any CPU
		{0C54C43D-CC33-4854-A2E8-5A23E2170646}.Debug|Any CPU.ActiveCfg = Debug|Any CPU
		{0C54C43D-CC33-4854-A2E8-5A23E2170646}.Debug|Any CPU.Build.0 = Debug|Any CPU
		{0C54C43D-CC33-4854-A2E8-5A23E2170646}.Debug|Mixed Platforms.ActiveCfg = Debug|Any CPU
		{0C54C43D-CC33-4854-A2E8-5A23E2170646}.Debug|Mixed Platforms.Build.0 = Debug|Any CPU
		{0C54C43D-CC33-4854-A2E8-5A23E2170646}.Debug|x64.ActiveCfg = Debug|Any CPU
		{0C54C43D-CC33-4854-A2E8-5A23E2170646}.Debug|x64.Build.0 = Debug|Any CPU
		{0C54C43D-CC33-4854-A2E8-5A23E2170646}.Debug|x86.ActiveCfg = Debug|Any CPU
		{0C54C43D-CC33-4854-A2E8-5A23E2170646}.Debug|x86.Build.0 = Debug|Any CPU
		{0C54C43D-CC33-4854-A2E8-5A23E2170646}.Release|Any CPU.ActiveCfg = Release|Any CPU
		{0C54C43D-CC33-4854-A2E8-5A23E2170646}.Release|Any CPU.Build.0 = Release|Any CPU
		{0C54C43D-CC33-4854-A2E8-5A23E2170646}.Release|Mixed Platforms.ActiveCfg = Release|Any CPU
		{0C54C43D-CC33-4854-A2E8-5A23E2170646}.Release|Mixed Platforms.Build.0 = Release|Any CPU
		{0C54C43D-CC33-4854-A2E8-5A23E2170646}.Release|x64.ActiveCfg = Release|Any CPU
		{0C54C43D-CC33-4854-A2E8-5A23E2170646}.Release|x64.Build.0 = Release|Any CPU
		{0C54C43D-CC33-4854-A2E8-5A23E2170646}.Release|x86.ActiveCfg = Release|Any CPU
		{0C54C43D-CC33-4854-A2E8-5A23E2170646}.Release|x86.Build.0 = Release|Any CPU
		{5755650C-7CD5-4C05-A492-0080CF68B16D}.Debug|Any CPU.ActiveCfg = Debug|Any CPU
		{5755650C-7CD5-4C05-A492-0080CF68B16D}.Debug|Any CPU.Build.0 = Debug|Any CPU
		{5755650C-7CD5-4C05-A492-0080CF68B16D}.Debug|Mixed Platforms.ActiveCfg = Debug|Any CPU
		{5755650C-7CD5-4C05-A492-0080CF68B16D}.Debug|Mixed Platforms.Build.0 = Debug|Any CPU
		{5755650C-7CD5-4C05-A492-0080CF68B16D}.Debug|x64.ActiveCfg = Debug|Any CPU
		{5755650C-7CD5-4C05-A492-0080CF68B16D}.Debug|x64.Build.0 = Debug|Any CPU
		{5755650C-7CD5-4C05-A492-0080CF68B16D}.Debug|x86.ActiveCfg = Debug|Any CPU
		{5755650C-7CD5-4C05-A492-0080CF68B16D}.Debug|x86.Build.0 = Debug|Any CPU
		{5755650C-7CD5-4C05-A492-0080CF68B16D}.Release|Any CPU.ActiveCfg = Release|Any CPU
		{5755650C-7CD5-4C05-A492-0080CF68B16D}.Release|Any CPU.Build.0 = Release|Any CPU
		{5755650C-7CD5-4C05-A492-0080CF68B16D}.Release|Mixed Platforms.ActiveCfg = Release|Any CPU
		{5755650C-7CD5-4C05-A492-0080CF68B16D}.Release|Mixed Platforms.Build.0 = Release|Any CPU
		{5755650C-7CD5-4C05-A492-0080CF68B16D}.Release|x64.ActiveCfg = Release|Any CPU
		{5755650C-7CD5-4C05-A492-0080CF68B16D}.Release|x64.Build.0 = Release|Any CPU
		{5755650C-7CD5-4C05-A492-0080CF68B16D}.Release|x86.ActiveCfg = Release|Any CPU
		{5755650C-7CD5-4C05-A492-0080CF68B16D}.Release|x86.Build.0 = Release|Any CPU
		{0ACEFCA2-A5ED-45EB-A3E3-EFEC90A1FF30}.Debug|Any CPU.ActiveCfg = Debug|Any CPU
		{0ACEFCA2-A5ED-45EB-A3E3-EFEC90A1FF30}.Debug|Any CPU.Build.0 = Debug|Any CPU
		{0ACEFCA2-A5ED-45EB-A3E3-EFEC90A1FF30}.Debug|Mixed Platforms.ActiveCfg = Debug|Any CPU
		{0ACEFCA2-A5ED-45EB-A3E3-EFEC90A1FF30}.Debug|Mixed Platforms.Build.0 = Debug|Any CPU
		{0ACEFCA2-A5ED-45EB-A3E3-EFEC90A1FF30}.Debug|x64.ActiveCfg = Debug|Any CPU
		{0ACEFCA2-A5ED-45EB-A3E3-EFEC90A1FF30}.Debug|x64.Build.0 = Debug|Any CPU
		{0ACEFCA2-A5ED-45EB-A3E3-EFEC90A1FF30}.Debug|x86.ActiveCfg = Debug|Any CPU
		{0ACEFCA2-A5ED-45EB-A3E3-EFEC90A1FF30}.Debug|x86.Build.0 = Debug|Any CPU
		{0ACEFCA2-A5ED-45EB-A3E3-EFEC90A1FF30}.Release|Any CPU.ActiveCfg = Release|Any CPU
		{0ACEFCA2-A5ED-45EB-A3E3-EFEC90A1FF30}.Release|Any CPU.Build.0 = Release|Any CPU
		{0ACEFCA2-A5ED-45EB-A3E3-EFEC90A1FF30}.Release|Mixed Platforms.ActiveCfg = Release|Any CPU
		{0ACEFCA2-A5ED-45EB-A3E3-EFEC90A1FF30}.Release|Mixed Platforms.Build.0 = Release|Any CPU
		{0ACEFCA2-A5ED-45EB-A3E3-EFEC90A1FF30}.Release|x64.ActiveCfg = Release|Any CPU
		{0ACEFCA2-A5ED-45EB-A3E3-EFEC90A1FF30}.Release|x64.Build.0 = Release|Any CPU
		{0ACEFCA2-A5ED-45EB-A3E3-EFEC90A1FF30}.Release|x86.ActiveCfg = Release|Any CPU
		{0ACEFCA2-A5ED-45EB-A3E3-EFEC90A1FF30}.Release|x86.Build.0 = Release|Any CPU
		{C4704FBC-C67E-4FCE-A03A-35E2C482C6BE}.Debug|Any CPU.ActiveCfg = Debug|Any CPU
		{C4704FBC-C67E-4FCE-A03A-35E2C482C6BE}.Debug|Any CPU.Build.0 = Debug|Any CPU
		{C4704FBC-C67E-4FCE-A03A-35E2C482C6BE}.Debug|Mixed Platforms.ActiveCfg = Debug|Any CPU
		{C4704FBC-C67E-4FCE-A03A-35E2C482C6BE}.Debug|Mixed Platforms.Build.0 = Debug|Any CPU
		{C4704FBC-C67E-4FCE-A03A-35E2C482C6BE}.Debug|x64.ActiveCfg = Debug|Any CPU
		{C4704FBC-C67E-4FCE-A03A-35E2C482C6BE}.Debug|x64.Build.0 = Debug|Any CPU
		{C4704FBC-C67E-4FCE-A03A-35E2C482C6BE}.Debug|x86.ActiveCfg = Debug|Any CPU
		{C4704FBC-C67E-4FCE-A03A-35E2C482C6BE}.Debug|x86.Build.0 = Debug|Any CPU
		{C4704FBC-C67E-4FCE-A03A-35E2C482C6BE}.Release|Any CPU.ActiveCfg = Release|Any CPU
		{C4704FBC-C67E-4FCE-A03A-35E2C482C6BE}.Release|Any CPU.Build.0 = Release|Any CPU
		{C4704FBC-C67E-4FCE-A03A-35E2C482C6BE}.Release|Mixed Platforms.ActiveCfg = Release|Any CPU
		{C4704FBC-C67E-4FCE-A03A-35E2C482C6BE}.Release|Mixed Platforms.Build.0 = Release|Any CPU
		{C4704FBC-C67E-4FCE-A03A-35E2C482C6BE}.Release|x64.ActiveCfg = Release|Any CPU
		{C4704FBC-C67E-4FCE-A03A-35E2C482C6BE}.Release|x64.Build.0 = Release|Any CPU
		{C4704FBC-C67E-4FCE-A03A-35E2C482C6BE}.Release|x86.ActiveCfg = Release|Any CPU
		{C4704FBC-C67E-4FCE-A03A-35E2C482C6BE}.Release|x86.Build.0 = Release|Any CPU
		{DC10EB19-53FD-47DD-9F38-046D93AB83B8}.Debug|Any CPU.ActiveCfg = Debug|Any CPU
		{DC10EB19-53FD-47DD-9F38-046D93AB83B8}.Debug|Any CPU.Build.0 = Debug|Any CPU
		{DC10EB19-53FD-47DD-9F38-046D93AB83B8}.Debug|Mixed Platforms.ActiveCfg = Debug|Any CPU
		{DC10EB19-53FD-47DD-9F38-046D93AB83B8}.Debug|Mixed Platforms.Build.0 = Debug|Any CPU
		{DC10EB19-53FD-47DD-9F38-046D93AB83B8}.Debug|x64.ActiveCfg = Debug|Any CPU
		{DC10EB19-53FD-47DD-9F38-046D93AB83B8}.Debug|x64.Build.0 = Debug|Any CPU
		{DC10EB19-53FD-47DD-9F38-046D93AB83B8}.Debug|x86.ActiveCfg = Debug|Any CPU
		{DC10EB19-53FD-47DD-9F38-046D93AB83B8}.Debug|x86.Build.0 = Debug|Any CPU
		{DC10EB19-53FD-47DD-9F38-046D93AB83B8}.Release|Any CPU.ActiveCfg = Release|Any CPU
		{DC10EB19-53FD-47DD-9F38-046D93AB83B8}.Release|Any CPU.Build.0 = Release|Any CPU
		{DC10EB19-53FD-47DD-9F38-046D93AB83B8}.Release|Mixed Platforms.ActiveCfg = Release|Any CPU
		{DC10EB19-53FD-47DD-9F38-046D93AB83B8}.Release|Mixed Platforms.Build.0 = Release|Any CPU
		{DC10EB19-53FD-47DD-9F38-046D93AB83B8}.Release|x64.ActiveCfg = Release|Any CPU
		{DC10EB19-53FD-47DD-9F38-046D93AB83B8}.Release|x64.Build.0 = Release|Any CPU
		{DC10EB19-53FD-47DD-9F38-046D93AB83B8}.Release|x86.ActiveCfg = Release|Any CPU
		{DC10EB19-53FD-47DD-9F38-046D93AB83B8}.Release|x86.Build.0 = Release|Any CPU
		{FDB7A0CE-D307-4A90-83B9-B92482F042F8}.Debug|Any CPU.ActiveCfg = Debug|Any CPU
		{FDB7A0CE-D307-4A90-83B9-B92482F042F8}.Debug|Any CPU.Build.0 = Debug|Any CPU
		{FDB7A0CE-D307-4A90-83B9-B92482F042F8}.Debug|Mixed Platforms.ActiveCfg = Debug|Any CPU
		{FDB7A0CE-D307-4A90-83B9-B92482F042F8}.Debug|Mixed Platforms.Build.0 = Debug|Any CPU
		{FDB7A0CE-D307-4A90-83B9-B92482F042F8}.Debug|x64.ActiveCfg = Debug|Any CPU
		{FDB7A0CE-D307-4A90-83B9-B92482F042F8}.Debug|x64.Build.0 = Debug|Any CPU
		{FDB7A0CE-D307-4A90-83B9-B92482F042F8}.Debug|x86.ActiveCfg = Debug|Any CPU
		{FDB7A0CE-D307-4A90-83B9-B92482F042F8}.Debug|x86.Build.0 = Debug|Any CPU
		{FDB7A0CE-D307-4A90-83B9-B92482F042F8}.Release|Any CPU.ActiveCfg = Release|Any CPU
		{FDB7A0CE-D307-4A90-83B9-B92482F042F8}.Release|Any CPU.Build.0 = Release|Any CPU
		{FDB7A0CE-D307-4A90-83B9-B92482F042F8}.Release|Mixed Platforms.ActiveCfg = Release|Any CPU
		{FDB7A0CE-D307-4A90-83B9-B92482F042F8}.Release|Mixed Platforms.Build.0 = Release|Any CPU
		{FDB7A0CE-D307-4A90-83B9-B92482F042F8}.Release|x64.ActiveCfg = Release|Any CPU
		{FDB7A0CE-D307-4A90-83B9-B92482F042F8}.Release|x64.Build.0 = Release|Any CPU
		{FDB7A0CE-D307-4A90-83B9-B92482F042F8}.Release|x86.ActiveCfg = Release|Any CPU
		{FDB7A0CE-D307-4A90-83B9-B92482F042F8}.Release|x86.Build.0 = Release|Any CPU
		{455FBC99-2420-4E9A-BA1D-81DD45DAE680}.Debug|Any CPU.ActiveCfg = Debug|Any CPU
		{455FBC99-2420-4E9A-BA1D-81DD45DAE680}.Debug|Any CPU.Build.0 = Debug|Any CPU
		{455FBC99-2420-4E9A-BA1D-81DD45DAE680}.Debug|Mixed Platforms.ActiveCfg = Debug|Any CPU
		{455FBC99-2420-4E9A-BA1D-81DD45DAE680}.Debug|Mixed Platforms.Build.0 = Debug|Any CPU
		{455FBC99-2420-4E9A-BA1D-81DD45DAE680}.Debug|x64.ActiveCfg = Debug|Any CPU
		{455FBC99-2420-4E9A-BA1D-81DD45DAE680}.Debug|x64.Build.0 = Debug|Any CPU
		{455FBC99-2420-4E9A-BA1D-81DD45DAE680}.Debug|x86.ActiveCfg = Debug|Any CPU
		{455FBC99-2420-4E9A-BA1D-81DD45DAE680}.Debug|x86.Build.0 = Debug|Any CPU
		{455FBC99-2420-4E9A-BA1D-81DD45DAE680}.Release|Any CPU.ActiveCfg = Release|Any CPU
		{455FBC99-2420-4E9A-BA1D-81DD45DAE680}.Release|Any CPU.Build.0 = Release|Any CPU
		{455FBC99-2420-4E9A-BA1D-81DD45DAE680}.Release|Mixed Platforms.ActiveCfg = Release|Any CPU
		{455FBC99-2420-4E9A-BA1D-81DD45DAE680}.Release|Mixed Platforms.Build.0 = Release|Any CPU
		{455FBC99-2420-4E9A-BA1D-81DD45DAE680}.Release|x64.ActiveCfg = Release|Any CPU
		{455FBC99-2420-4E9A-BA1D-81DD45DAE680}.Release|x64.Build.0 = Release|Any CPU
		{455FBC99-2420-4E9A-BA1D-81DD45DAE680}.Release|x86.ActiveCfg = Release|Any CPU
		{455FBC99-2420-4E9A-BA1D-81DD45DAE680}.Release|x86.Build.0 = Release|Any CPU
		{52733A25-1E8D-4250-A9B5-D135EE6C1557}.Debug|Any CPU.ActiveCfg = Debug|Any CPU
		{52733A25-1E8D-4250-A9B5-D135EE6C1557}.Debug|Any CPU.Build.0 = Debug|Any CPU
		{52733A25-1E8D-4250-A9B5-D135EE6C1557}.Debug|Mixed Platforms.ActiveCfg = Debug|Any CPU
		{52733A25-1E8D-4250-A9B5-D135EE6C1557}.Debug|Mixed Platforms.Build.0 = Debug|Any CPU
		{52733A25-1E8D-4250-A9B5-D135EE6C1557}.Debug|x64.ActiveCfg = Debug|Any CPU
		{52733A25-1E8D-4250-A9B5-D135EE6C1557}.Debug|x64.Build.0 = Debug|Any CPU
		{52733A25-1E8D-4250-A9B5-D135EE6C1557}.Debug|x86.ActiveCfg = Debug|Any CPU
		{52733A25-1E8D-4250-A9B5-D135EE6C1557}.Debug|x86.Build.0 = Debug|Any CPU
		{52733A25-1E8D-4250-A9B5-D135EE6C1557}.Release|Any CPU.ActiveCfg = Release|Any CPU
		{52733A25-1E8D-4250-A9B5-D135EE6C1557}.Release|Any CPU.Build.0 = Release|Any CPU
		{52733A25-1E8D-4250-A9B5-D135EE6C1557}.Release|Mixed Platforms.ActiveCfg = Release|Any CPU
		{52733A25-1E8D-4250-A9B5-D135EE6C1557}.Release|Mixed Platforms.Build.0 = Release|Any CPU
		{52733A25-1E8D-4250-A9B5-D135EE6C1557}.Release|x64.ActiveCfg = Release|Any CPU
		{52733A25-1E8D-4250-A9B5-D135EE6C1557}.Release|x64.Build.0 = Release|Any CPU
		{52733A25-1E8D-4250-A9B5-D135EE6C1557}.Release|x86.ActiveCfg = Release|Any CPU
		{52733A25-1E8D-4250-A9B5-D135EE6C1557}.Release|x86.Build.0 = Release|Any CPU
		{3CE1E65C-3955-4CE9-9C9B-554AF80A5223}.Debug|Any CPU.ActiveCfg = Debug|Any CPU
		{3CE1E65C-3955-4CE9-9C9B-554AF80A5223}.Debug|Any CPU.Build.0 = Debug|Any CPU
		{3CE1E65C-3955-4CE9-9C9B-554AF80A5223}.Debug|Mixed Platforms.ActiveCfg = Debug|Any CPU
		{3CE1E65C-3955-4CE9-9C9B-554AF80A5223}.Debug|Mixed Platforms.Build.0 = Debug|Any CPU
		{3CE1E65C-3955-4CE9-9C9B-554AF80A5223}.Debug|x64.ActiveCfg = Debug|Any CPU
		{3CE1E65C-3955-4CE9-9C9B-554AF80A5223}.Debug|x64.Build.0 = Debug|Any CPU
		{3CE1E65C-3955-4CE9-9C9B-554AF80A5223}.Debug|x86.ActiveCfg = Debug|Any CPU
		{3CE1E65C-3955-4CE9-9C9B-554AF80A5223}.Debug|x86.Build.0 = Debug|Any CPU
		{3CE1E65C-3955-4CE9-9C9B-554AF80A5223}.Release|Any CPU.ActiveCfg = Release|Any CPU
		{3CE1E65C-3955-4CE9-9C9B-554AF80A5223}.Release|Any CPU.Build.0 = Release|Any CPU
		{3CE1E65C-3955-4CE9-9C9B-554AF80A5223}.Release|Mixed Platforms.ActiveCfg = Release|Any CPU
		{3CE1E65C-3955-4CE9-9C9B-554AF80A5223}.Release|Mixed Platforms.Build.0 = Release|Any CPU
		{3CE1E65C-3955-4CE9-9C9B-554AF80A5223}.Release|x64.ActiveCfg = Release|Any CPU
		{3CE1E65C-3955-4CE9-9C9B-554AF80A5223}.Release|x64.Build.0 = Release|Any CPU
		{3CE1E65C-3955-4CE9-9C9B-554AF80A5223}.Release|x86.ActiveCfg = Release|Any CPU
		{3CE1E65C-3955-4CE9-9C9B-554AF80A5223}.Release|x86.Build.0 = Release|Any CPU
		{E176A58D-7D3D-4D7B-8894-8DCF68369F1A}.Debug|Any CPU.ActiveCfg = Debug|Any CPU
		{E176A58D-7D3D-4D7B-8894-8DCF68369F1A}.Debug|Any CPU.Build.0 = Debug|Any CPU
		{E176A58D-7D3D-4D7B-8894-8DCF68369F1A}.Debug|Mixed Platforms.ActiveCfg = Debug|Any CPU
		{E176A58D-7D3D-4D7B-8894-8DCF68369F1A}.Debug|Mixed Platforms.Build.0 = Debug|Any CPU
		{E176A58D-7D3D-4D7B-8894-8DCF68369F1A}.Debug|x64.ActiveCfg = Debug|Any CPU
		{E176A58D-7D3D-4D7B-8894-8DCF68369F1A}.Debug|x64.Build.0 = Debug|Any CPU
		{E176A58D-7D3D-4D7B-8894-8DCF68369F1A}.Debug|x86.ActiveCfg = Debug|Any CPU
		{E176A58D-7D3D-4D7B-8894-8DCF68369F1A}.Debug|x86.Build.0 = Debug|Any CPU
		{E176A58D-7D3D-4D7B-8894-8DCF68369F1A}.Release|Any CPU.ActiveCfg = Release|Any CPU
		{E176A58D-7D3D-4D7B-8894-8DCF68369F1A}.Release|Any CPU.Build.0 = Release|Any CPU
		{E176A58D-7D3D-4D7B-8894-8DCF68369F1A}.Release|Mixed Platforms.ActiveCfg = Release|Any CPU
		{E176A58D-7D3D-4D7B-8894-8DCF68369F1A}.Release|Mixed Platforms.Build.0 = Release|Any CPU
		{E176A58D-7D3D-4D7B-8894-8DCF68369F1A}.Release|x64.ActiveCfg = Release|Any CPU
		{E176A58D-7D3D-4D7B-8894-8DCF68369F1A}.Release|x64.Build.0 = Release|Any CPU
		{E176A58D-7D3D-4D7B-8894-8DCF68369F1A}.Release|x86.ActiveCfg = Release|Any CPU
		{E176A58D-7D3D-4D7B-8894-8DCF68369F1A}.Release|x86.Build.0 = Release|Any CPU
		{25F1CD74-ED41-41B3-B599-36C3F6D5781B}.Debug|Any CPU.ActiveCfg = Debug|Any CPU
		{25F1CD74-ED41-41B3-B599-36C3F6D5781B}.Debug|Any CPU.Build.0 = Debug|Any CPU
		{25F1CD74-ED41-41B3-B599-36C3F6D5781B}.Debug|Mixed Platforms.ActiveCfg = Debug|Any CPU
		{25F1CD74-ED41-41B3-B599-36C3F6D5781B}.Debug|Mixed Platforms.Build.0 = Debug|Any CPU
		{25F1CD74-ED41-41B3-B599-36C3F6D5781B}.Debug|x64.ActiveCfg = Debug|Any CPU
		{25F1CD74-ED41-41B3-B599-36C3F6D5781B}.Debug|x64.Build.0 = Debug|Any CPU
		{25F1CD74-ED41-41B3-B599-36C3F6D5781B}.Debug|x86.ActiveCfg = Debug|Any CPU
		{25F1CD74-ED41-41B3-B599-36C3F6D5781B}.Debug|x86.Build.0 = Debug|Any CPU
		{25F1CD74-ED41-41B3-B599-36C3F6D5781B}.Release|Any CPU.ActiveCfg = Release|Any CPU
		{25F1CD74-ED41-41B3-B599-36C3F6D5781B}.Release|Any CPU.Build.0 = Release|Any CPU
		{25F1CD74-ED41-41B3-B599-36C3F6D5781B}.Release|Mixed Platforms.ActiveCfg = Release|Any CPU
		{25F1CD74-ED41-41B3-B599-36C3F6D5781B}.Release|Mixed Platforms.Build.0 = Release|Any CPU
		{25F1CD74-ED41-41B3-B599-36C3F6D5781B}.Release|x64.ActiveCfg = Release|Any CPU
		{25F1CD74-ED41-41B3-B599-36C3F6D5781B}.Release|x64.Build.0 = Release|Any CPU
		{25F1CD74-ED41-41B3-B599-36C3F6D5781B}.Release|x86.ActiveCfg = Release|Any CPU
		{25F1CD74-ED41-41B3-B599-36C3F6D5781B}.Release|x86.Build.0 = Release|Any CPU
		{3E40BD31-C8FB-4C56-BCBF-7D445400D20C}.Debug|Any CPU.ActiveCfg = Debug|Any CPU
		{3E40BD31-C8FB-4C56-BCBF-7D445400D20C}.Debug|Any CPU.Build.0 = Debug|Any CPU
		{3E40BD31-C8FB-4C56-BCBF-7D445400D20C}.Debug|Mixed Platforms.ActiveCfg = Debug|Any CPU
		{3E40BD31-C8FB-4C56-BCBF-7D445400D20C}.Debug|Mixed Platforms.Build.0 = Debug|Any CPU
		{3E40BD31-C8FB-4C56-BCBF-7D445400D20C}.Debug|x64.ActiveCfg = Debug|Any CPU
		{3E40BD31-C8FB-4C56-BCBF-7D445400D20C}.Debug|x64.Build.0 = Debug|Any CPU
		{3E40BD31-C8FB-4C56-BCBF-7D445400D20C}.Debug|x86.ActiveCfg = Debug|Any CPU
		{3E40BD31-C8FB-4C56-BCBF-7D445400D20C}.Debug|x86.Build.0 = Debug|Any CPU
		{3E40BD31-C8FB-4C56-BCBF-7D445400D20C}.Release|Any CPU.ActiveCfg = Release|Any CPU
		{3E40BD31-C8FB-4C56-BCBF-7D445400D20C}.Release|Any CPU.Build.0 = Release|Any CPU
		{3E40BD31-C8FB-4C56-BCBF-7D445400D20C}.Release|Mixed Platforms.ActiveCfg = Release|Any CPU
		{3E40BD31-C8FB-4C56-BCBF-7D445400D20C}.Release|Mixed Platforms.Build.0 = Release|Any CPU
		{3E40BD31-C8FB-4C56-BCBF-7D445400D20C}.Release|x64.ActiveCfg = Release|Any CPU
		{3E40BD31-C8FB-4C56-BCBF-7D445400D20C}.Release|x64.Build.0 = Release|Any CPU
		{3E40BD31-C8FB-4C56-BCBF-7D445400D20C}.Release|x86.ActiveCfg = Release|Any CPU
		{3E40BD31-C8FB-4C56-BCBF-7D445400D20C}.Release|x86.Build.0 = Release|Any CPU
		{00D7B828-868F-4509-8D94-E1D608862772}.Debug|Any CPU.ActiveCfg = Debug|Any CPU
		{00D7B828-868F-4509-8D94-E1D608862772}.Debug|Any CPU.Build.0 = Debug|Any CPU
		{00D7B828-868F-4509-8D94-E1D608862772}.Debug|Mixed Platforms.ActiveCfg = Debug|Any CPU
		{00D7B828-868F-4509-8D94-E1D608862772}.Debug|Mixed Platforms.Build.0 = Debug|Any CPU
		{00D7B828-868F-4509-8D94-E1D608862772}.Debug|x64.ActiveCfg = Debug|Any CPU
		{00D7B828-868F-4509-8D94-E1D608862772}.Debug|x64.Build.0 = Debug|Any CPU
		{00D7B828-868F-4509-8D94-E1D608862772}.Debug|x86.ActiveCfg = Debug|Any CPU
		{00D7B828-868F-4509-8D94-E1D608862772}.Debug|x86.Build.0 = Debug|Any CPU
		{00D7B828-868F-4509-8D94-E1D608862772}.Release|Any CPU.ActiveCfg = Release|Any CPU
		{00D7B828-868F-4509-8D94-E1D608862772}.Release|Any CPU.Build.0 = Release|Any CPU
		{00D7B828-868F-4509-8D94-E1D608862772}.Release|Mixed Platforms.ActiveCfg = Release|Any CPU
		{00D7B828-868F-4509-8D94-E1D608862772}.Release|Mixed Platforms.Build.0 = Release|Any CPU
		{00D7B828-868F-4509-8D94-E1D608862772}.Release|x64.ActiveCfg = Release|Any CPU
		{00D7B828-868F-4509-8D94-E1D608862772}.Release|x64.Build.0 = Release|Any CPU
		{00D7B828-868F-4509-8D94-E1D608862772}.Release|x86.ActiveCfg = Release|Any CPU
		{00D7B828-868F-4509-8D94-E1D608862772}.Release|x86.Build.0 = Release|Any CPU
		{B25403A9-0A8A-4E4A-A399-679918FE7607}.Debug|Any CPU.ActiveCfg = Debug|Any CPU
		{B25403A9-0A8A-4E4A-A399-679918FE7607}.Debug|Any CPU.Build.0 = Debug|Any CPU
		{B25403A9-0A8A-4E4A-A399-679918FE7607}.Debug|Mixed Platforms.ActiveCfg = Debug|Any CPU
		{B25403A9-0A8A-4E4A-A399-679918FE7607}.Debug|Mixed Platforms.Build.0 = Debug|Any CPU
		{B25403A9-0A8A-4E4A-A399-679918FE7607}.Debug|x64.ActiveCfg = Debug|Any CPU
		{B25403A9-0A8A-4E4A-A399-679918FE7607}.Debug|x64.Build.0 = Debug|Any CPU
		{B25403A9-0A8A-4E4A-A399-679918FE7607}.Debug|x86.ActiveCfg = Debug|Any CPU
		{B25403A9-0A8A-4E4A-A399-679918FE7607}.Debug|x86.Build.0 = Debug|Any CPU
		{B25403A9-0A8A-4E4A-A399-679918FE7607}.Release|Any CPU.ActiveCfg = Release|Any CPU
		{B25403A9-0A8A-4E4A-A399-679918FE7607}.Release|Any CPU.Build.0 = Release|Any CPU
		{B25403A9-0A8A-4E4A-A399-679918FE7607}.Release|Mixed Platforms.ActiveCfg = Release|Any CPU
		{B25403A9-0A8A-4E4A-A399-679918FE7607}.Release|Mixed Platforms.Build.0 = Release|Any CPU
		{B25403A9-0A8A-4E4A-A399-679918FE7607}.Release|x64.ActiveCfg = Release|Any CPU
		{B25403A9-0A8A-4E4A-A399-679918FE7607}.Release|x64.Build.0 = Release|Any CPU
		{B25403A9-0A8A-4E4A-A399-679918FE7607}.Release|x86.ActiveCfg = Release|Any CPU
		{B25403A9-0A8A-4E4A-A399-679918FE7607}.Release|x86.Build.0 = Release|Any CPU
	EndGlobalSection
	GlobalSection(SolutionProperties) = preSolution
		HideSolutionNode = FALSE
	EndGlobalSection
	GlobalSection(NestedProjects) = preSolution
		{C24C1C85-EE17-4487-898F-FE9F9C51B606} = {B4FA8947-30BA-4AD5-9701-0679E1CE2EF9}
		{6B9DFE48-B8D3-470E-868C-3AAD5C2E95F4} = {B4FA8947-30BA-4AD5-9701-0679E1CE2EF9}
		{9DDB7903-7B0A-45F6-9EB6-1A5236F77A25} = {B4FA8947-30BA-4AD5-9701-0679E1CE2EF9}
		{52BC71E4-16A4-4226-8155-1273FA3BDDDC} = {BF1EF462-3525-4FBA-A88E-A21D5E1498A1}
		{B7A9BB52-EC33-46D5-9176-58850C53E998} = {BF1EF462-3525-4FBA-A88E-A21D5E1498A1}
		{C42CDF92-330D-4193-B2D5-2C0EB0DCF1FF} = {B4FA8947-30BA-4AD5-9701-0679E1CE2EF9}
		{5755650C-7CD5-4C05-A492-0080CF68B16D} = {B4FA8947-30BA-4AD5-9701-0679E1CE2EF9}
		{455FBC99-2420-4E9A-BA1D-81DD45DAE680} = {BF1EF462-3525-4FBA-A88E-A21D5E1498A1}
		{E176A58D-7D3D-4D7B-8894-8DCF68369F1A} = {BF1EF462-3525-4FBA-A88E-A21D5E1498A1}
		{3E40BD31-C8FB-4C56-BCBF-7D445400D20C} = {BF1EF462-3525-4FBA-A88E-A21D5E1498A1}
		{B25403A9-0A8A-4E4A-A399-679918FE7607} = {BF1EF462-3525-4FBA-A88E-A21D5E1498A1}
	EndGlobalSection
	GlobalSection(MonoDevelopProperties) = preSolution
		StartupItem = StoryTeller\StoryTeller.csproj
		Policies = $0
		$0.TextStylePolicy = $1
		$1.FileWidth = 120
		$1.EolMarker = Windows
		$1.inheritsSet = VisualStudio
		$1.inheritsScope = text/plain
		$1.scope = text/x-csharp
		$0.CSharpFormattingPolicy = $2
		$2.AfterDelegateDeclarationParameterComma = True
		$2.inheritsSet = Mono
		$2.inheritsScope = text/x-csharp
		$2.scope = text/x-csharp
	EndGlobalSection
EndGlobal
