
Microsoft Visual Studio Solution File, Format Version 12.00
# Visual Studio 2013
VisualStudioVersion = 12.0.31101.0
MinimumVisualStudioVersion = 10.0.40219.1
Project("{2150E333-8FDC-42A3-9474-1A3956D46DE8}") = "Solution Items", "Solution Items", "{4EFEAE8B-EA3E-4E48-BEA3-863A8437D22F}"
EndProject
Project("{FAE04EC0-301F-11D3-BF4B-00C04F79EFBC}") = "Storyteller.Core", "Storyteller.Core\Storyteller.Core.csproj", "{90113DC7-C74E-4C5D-A0DE-045F36378033}"
EndProject
Project("{FAE04EC0-301F-11D3-BF4B-00C04F79EFBC}") = "Storyteller.Core.Testing", "Storyteller.Core.Testing\Storyteller.Core.Testing.csproj", "{825F08A0-E2CC-4CD3-8D37-C7B375469DFC}"
EndProject
Project("{FAE04EC0-301F-11D3-BF4B-00C04F79EFBC}") = "StoryTeller.Samples", "StoryTeller.Samples\StoryTeller.Samples.csproj", "{104DFFDD-2229-4F23-AE66-D8BC4AF622AB}"
EndProject
Global
	GlobalSection(SolutionConfigurationPlatforms) = preSolution
		Debug|Any CPU = Debug|Any CPU
		Debug|Mixed Platforms = Debug|Mixed Platforms
		Debug|x64 = Debug|x64
		Debug|x86 = Debug|x86
		Release|Any CPU = Release|Any CPU
		Release|Mixed Platforms = Release|Mixed Platforms
		Release|x64 = Release|x64
		Release|x86 = Release|x86
	EndGlobalSection
	GlobalSection(ProjectConfigurationPlatforms) = postSolution
		{90113DC7-C74E-4C5D-A0DE-045F36378033}.Debug|Any CPU.ActiveCfg = Debug|Any CPU
		{90113DC7-C74E-4C5D-A0DE-045F36378033}.Debug|Any CPU.Build.0 = Debug|Any CPU
		{90113DC7-C74E-4C5D-A0DE-045F36378033}.Debug|Mixed Platforms.ActiveCfg = Debug|Any CPU
		{90113DC7-C74E-4C5D-A0DE-045F36378033}.Debug|Mixed Platforms.Build.0 = Debug|Any CPU
		{90113DC7-C74E-4C5D-A0DE-045F36378033}.Debug|x64.ActiveCfg = Debug|Any CPU
		{90113DC7-C74E-4C5D-A0DE-045F36378033}.Debug|x86.ActiveCfg = Debug|Any CPU
		{90113DC7-C74E-4C5D-A0DE-045F36378033}.Release|Any CPU.ActiveCfg = Release|Any CPU
		{90113DC7-C74E-4C5D-A0DE-045F36378033}.Release|Any CPU.Build.0 = Release|Any CPU
		{90113DC7-C74E-4C5D-A0DE-045F36378033}.Release|Mixed Platforms.ActiveCfg = Release|Any CPU
		{90113DC7-C74E-4C5D-A0DE-045F36378033}.Release|Mixed Platforms.Build.0 = Release|Any CPU
		{90113DC7-C74E-4C5D-A0DE-045F36378033}.Release|x64.ActiveCfg = Release|Any CPU
		{90113DC7-C74E-4C5D-A0DE-045F36378033}.Release|x86.ActiveCfg = Release|Any CPU
		{825F08A0-E2CC-4CD3-8D37-C7B375469DFC}.Debug|Any CPU.ActiveCfg = Debug|Any CPU
		{825F08A0-E2CC-4CD3-8D37-C7B375469DFC}.Debug|Any CPU.Build.0 = Debug|Any CPU
		{825F08A0-E2CC-4CD3-8D37-C7B375469DFC}.Debug|Mixed Platforms.ActiveCfg = Debug|Any CPU
		{825F08A0-E2CC-4CD3-8D37-C7B375469DFC}.Debug|Mixed Platforms.Build.0 = Debug|Any CPU
		{825F08A0-E2CC-4CD3-8D37-C7B375469DFC}.Debug|x64.ActiveCfg = Debug|Any CPU
		{825F08A0-E2CC-4CD3-8D37-C7B375469DFC}.Debug|x86.ActiveCfg = Debug|Any CPU
		{825F08A0-E2CC-4CD3-8D37-C7B375469DFC}.Release|Any CPU.ActiveCfg = Release|Any CPU
		{825F08A0-E2CC-4CD3-8D37-C7B375469DFC}.Release|Any CPU.Build.0 = Release|Any CPU
		{825F08A0-E2CC-4CD3-8D37-C7B375469DFC}.Release|Mixed Platforms.ActiveCfg = Release|Any CPU
		{825F08A0-E2CC-4CD3-8D37-C7B375469DFC}.Release|Mixed Platforms.Build.0 = Release|Any CPU
		{825F08A0-E2CC-4CD3-8D37-C7B375469DFC}.Release|x64.ActiveCfg = Release|Any CPU
		{825F08A0-E2CC-4CD3-8D37-C7B375469DFC}.Release|x86.ActiveCfg = Release|Any CPU
		{104DFFDD-2229-4F23-AE66-D8BC4AF622AB}.Debug|Any CPU.ActiveCfg = Debug|Any CPU
		{104DFFDD-2229-4F23-AE66-D8BC4AF622AB}.Debug|Any CPU.Build.0 = Debug|Any CPU
		{104DFFDD-2229-4F23-AE66-D8BC4AF622AB}.Debug|Mixed Platforms.ActiveCfg = Debug|Any CPU
		{104DFFDD-2229-4F23-AE66-D8BC4AF622AB}.Debug|Mixed Platforms.Build.0 = Debug|Any CPU
		{104DFFDD-2229-4F23-AE66-D8BC4AF622AB}.Debug|x64.ActiveCfg = Debug|Any CPU
		{104DFFDD-2229-4F23-AE66-D8BC4AF622AB}.Debug|x86.ActiveCfg = Debug|Any CPU
		{104DFFDD-2229-4F23-AE66-D8BC4AF622AB}.Release|Any CPU.ActiveCfg = Release|Any CPU
		{104DFFDD-2229-4F23-AE66-D8BC4AF622AB}.Release|Any CPU.Build.0 = Release|Any CPU
		{104DFFDD-2229-4F23-AE66-D8BC4AF622AB}.Release|Mixed Platforms.ActiveCfg = Release|Any CPU
		{104DFFDD-2229-4F23-AE66-D8BC4AF622AB}.Release|Mixed Platforms.Build.0 = Release|Any CPU
		{104DFFDD-2229-4F23-AE66-D8BC4AF622AB}.Release|x64.ActiveCfg = Release|Any CPU
		{104DFFDD-2229-4F23-AE66-D8BC4AF622AB}.Release|x86.ActiveCfg = Release|Any CPU
	EndGlobalSection
	GlobalSection(SolutionProperties) = preSolution
		HideSolutionNode = FALSE
	EndGlobalSection
EndGlobal
